// !$*UTF8*$!
{
	archiveVersion = 1;
	classes = {
	};
	objectVersion = 56;
	objects = {

/* Begin PBXBuildFile section */
		531132A02AA7907700F4B101 /* Infra.framework in Frameworks */ = {isa = PBXBuildFile; fileRef = 531132982AA7907600F4B101 /* Infra.framework */; };
		531132A52AA7907700F4B101 /* AlamofireAdapterTests.swift in Sources */ = {isa = PBXBuildFile; fileRef = 531132A42AA7907700F4B101 /* AlamofireAdapterTests.swift */; };
		531132AD2AA7908A00F4B101 /* Application.framework in Frameworks */ = {isa = PBXBuildFile; fileRef = 535859822AA52202008AE97C /* Application.framework */; };
		531132AE2AA7908A00F4B101 /* Application.framework in Embed Frameworks */ = {isa = PBXBuildFile; fileRef = 535859822AA52202008AE97C /* Application.framework */; settings = {ATTRIBUTES = (CodeSignOnCopy, RemoveHeadersOnCopy, ); }; };
		531132B22AA791E000F4B101 /* Fakes.swift in Sources */ = {isa = PBXBuildFile; fileRef = 536037DF2AA6B17700004917 /* Fakes.swift */; };
		531132B72AA7929600F4B101 /* XCTestCaseExtension.swift in Sources */ = {isa = PBXBuildFile; fileRef = 536037DC2AA6969300004917 /* XCTestCaseExtension.swift */; };
		531132BA2AA7940F00F4B101 /* Alamofire in Frameworks */ = {isa = PBXBuildFile; productRef = 531132B92AA7940F00F4B101 /* Alamofire */; };
		531132BC2AA7942D00F4B101 /* Alamofire in Frameworks */ = {isa = PBXBuildFile; productRef = 531132BB2AA7942D00F4B101 /* Alamofire */; };
		531132C32AA7EA2D00F4B101 /* AlamofireAdapterTestsExtension.swift in Sources */ = {isa = PBXBuildFile; fileRef = 531132BE2AA7E92000F4B101 /* AlamofireAdapterTestsExtension.swift */; };
		531132C42AA7EA3000F4B101 /* UrlProtocolStub.swift in Sources */ = {isa = PBXBuildFile; fileRef = 531132C12AA7E96100F4B101 /* UrlProtocolStub.swift */; };
		5358595E2AA52058008AE97C /* AddAccountInput.swift in Sources */ = {isa = PBXBuildFile; fileRef = 5358595D2AA52058008AE97C /* AddAccountInput.swift */; };
		535859602AA5206B008AE97C /* AddAccountOutput.swift in Sources */ = {isa = PBXBuildFile; fileRef = 5358595F2AA5206B008AE97C /* AddAccountOutput.swift */; };
		5358598A2AA52203008AE97C /* Application.framework in Frameworks */ = {isa = PBXBuildFile; fileRef = 535859822AA52202008AE97C /* Application.framework */; };
		5358598F2AA52203008AE97C /* RemoteAddAccountUseCaseTests.swift in Sources */ = {isa = PBXBuildFile; fileRef = 5358598E2AA52203008AE97C /* RemoteAddAccountUseCaseTests.swift */; };
		535859982AA523B1008AE97C /* Domain.framework in Frameworks */ = {isa = PBXBuildFile; fileRef = 53A449F82A990C8D007DF156 /* Domain.framework */; };
		535859992AA523B1008AE97C /* Domain.framework in Embed Frameworks */ = {isa = PBXBuildFile; fileRef = 53A449F82A990C8D007DF156 /* Domain.framework */; settings = {ATTRIBUTES = (CodeSignOnCopy, RemoveHeadersOnCopy, ); }; };
		535859A12AA548F9008AE97C /* DTOProtocol.swift in Sources */ = {isa = PBXBuildFile; fileRef = 535859A02AA548F9008AE97C /* DTOProtocol.swift */; };
		535859A42AA54AB0008AE97C /* RemoteAddAccountUseCase.swift in Sources */ = {isa = PBXBuildFile; fileRef = 535859A32AA54AB0008AE97C /* RemoteAddAccountUseCase.swift */; };
		535859A72AA54B26008AE97C /* HttpPostClientProtocol.swift in Sources */ = {isa = PBXBuildFile; fileRef = 535859A62AA54B26008AE97C /* HttpPostClientProtocol.swift */; };
		535859AB2AA55549008AE97C /* DomainError.swift in Sources */ = {isa = PBXBuildFile; fileRef = 535859AA2AA55549008AE97C /* DomainError.swift */; };
		535859AE2AA566FF008AE97C /* HttpError.swift in Sources */ = {isa = PBXBuildFile; fileRef = 535859AD2AA566FF008AE97C /* HttpError.swift */; };
		536037DA2AA6774900004917 /* Extensions.swift in Sources */ = {isa = PBXBuildFile; fileRef = 536037D92AA6774900004917 /* Extensions.swift */; };
		536037DD2AA6969300004917 /* XCTestCaseExtension.swift in Sources */ = {isa = PBXBuildFile; fileRef = 536037DC2AA6969300004917 /* XCTestCaseExtension.swift */; };
		536037E02AA6B17700004917 /* Fakes.swift in Sources */ = {isa = PBXBuildFile; fileRef = 536037DF2AA6B17700004917 /* Fakes.swift */; };
		536037E22AA6B1BB00004917 /* HttpClientSpy.swift in Sources */ = {isa = PBXBuildFile; fileRef = 536037E12AA6B1BB00004917 /* HttpClientSpy.swift */; };
		536037E42AA6B2DE00004917 /* RemoteAddAccountUseCaseTestsExtension.swift in Sources */ = {isa = PBXBuildFile; fileRef = 536037E32AA6B2DE00004917 /* RemoteAddAccountUseCaseTestsExtension.swift */; };
		53A44A002A991012007DF156 /* AddAccountProtocol.swift in Sources */ = {isa = PBXBuildFile; fileRef = 53A449FF2A991012007DF156 /* AddAccountProtocol.swift */; };
/* End PBXBuildFile section */

/* Begin PBXContainerItemProxy section */
		531132A12AA7907700F4B101 /* PBXContainerItemProxy */ = {
			isa = PBXContainerItemProxy;
			containerPortal = 53A449E02A990B4B007DF156 /* Project object */;
			proxyType = 1;
			remoteGlobalIDString = 531132972AA7907600F4B101;
			remoteInfo = Infra;
		};
		531132AF2AA7908A00F4B101 /* PBXContainerItemProxy */ = {
			isa = PBXContainerItemProxy;
			containerPortal = 53A449E02A990B4B007DF156 /* Project object */;
			proxyType = 1;
			remoteGlobalIDString = 535859812AA52202008AE97C;
			remoteInfo = Application;
		};
		5358598B2AA52203008AE97C /* PBXContainerItemProxy */ = {
			isa = PBXContainerItemProxy;
			containerPortal = 53A449E02A990B4B007DF156 /* Project object */;
			proxyType = 1;
			remoteGlobalIDString = 535859812AA52202008AE97C;
			remoteInfo = Application;
		};
		5358599A2AA523B1008AE97C /* PBXContainerItemProxy */ = {
			isa = PBXContainerItemProxy;
			containerPortal = 53A449E02A990B4B007DF156 /* Project object */;
			proxyType = 1;
			remoteGlobalIDString = 53A449F72A990C8D007DF156;
			remoteInfo = Domain;
		};
/* End PBXContainerItemProxy section */

/* Begin PBXCopyFilesBuildPhase section */
		531132B12AA7908A00F4B101 /* Embed Frameworks */ = {
			isa = PBXCopyFilesBuildPhase;
			buildActionMask = 2147483647;
			dstPath = "";
			dstSubfolderSpec = 10;
			files = (
				531132AE2AA7908A00F4B101 /* Application.framework in Embed Frameworks */,
			);
			name = "Embed Frameworks";
			runOnlyForDeploymentPostprocessing = 0;
		};
		5358599C2AA523B1008AE97C /* Embed Frameworks */ = {
			isa = PBXCopyFilesBuildPhase;
			buildActionMask = 2147483647;
			dstPath = "";
			dstSubfolderSpec = 10;
			files = (
				535859992AA523B1008AE97C /* Domain.framework in Embed Frameworks */,
			);
			name = "Embed Frameworks";
			runOnlyForDeploymentPostprocessing = 0;
		};
/* End PBXCopyFilesBuildPhase section */

/* Begin PBXFileReference section */
		531132982AA7907600F4B101 /* Infra.framework */ = {isa = PBXFileReference; explicitFileType = wrapper.framework; includeInIndex = 0; path = Infra.framework; sourceTree = BUILT_PRODUCTS_DIR; };
		5311329F2AA7907700F4B101 /* InfraTests.xctest */ = {isa = PBXFileReference; explicitFileType = wrapper.cfbundle; includeInIndex = 0; path = InfraTests.xctest; sourceTree = BUILT_PRODUCTS_DIR; };
		531132A42AA7907700F4B101 /* AlamofireAdapterTests.swift */ = {isa = PBXFileReference; lastKnownFileType = sourcecode.swift; path = AlamofireAdapterTests.swift; sourceTree = "<group>"; };
		531132BE2AA7E92000F4B101 /* AlamofireAdapterTestsExtension.swift */ = {isa = PBXFileReference; lastKnownFileType = sourcecode.swift; path = AlamofireAdapterTestsExtension.swift; sourceTree = "<group>"; };
		531132C12AA7E96100F4B101 /* UrlProtocolStub.swift */ = {isa = PBXFileReference; lastKnownFileType = sourcecode.swift; path = UrlProtocolStub.swift; sourceTree = "<group>"; };
		5358595D2AA52058008AE97C /* AddAccountInput.swift */ = {isa = PBXFileReference; lastKnownFileType = sourcecode.swift; path = AddAccountInput.swift; sourceTree = "<group>"; };
		5358595F2AA5206B008AE97C /* AddAccountOutput.swift */ = {isa = PBXFileReference; lastKnownFileType = sourcecode.swift; path = AddAccountOutput.swift; sourceTree = "<group>"; };
		535859822AA52202008AE97C /* Application.framework */ = {isa = PBXFileReference; explicitFileType = wrapper.framework; includeInIndex = 0; path = Application.framework; sourceTree = BUILT_PRODUCTS_DIR; };
		535859892AA52203008AE97C /* ApplicationTests.xctest */ = {isa = PBXFileReference; explicitFileType = wrapper.cfbundle; includeInIndex = 0; path = ApplicationTests.xctest; sourceTree = BUILT_PRODUCTS_DIR; };
		5358598E2AA52203008AE97C /* RemoteAddAccountUseCaseTests.swift */ = {isa = PBXFileReference; lastKnownFileType = sourcecode.swift; path = RemoteAddAccountUseCaseTests.swift; sourceTree = "<group>"; };
		535859A02AA548F9008AE97C /* DTOProtocol.swift */ = {isa = PBXFileReference; lastKnownFileType = sourcecode.swift; path = DTOProtocol.swift; sourceTree = "<group>"; };
		535859A32AA54AB0008AE97C /* RemoteAddAccountUseCase.swift */ = {isa = PBXFileReference; lastKnownFileType = sourcecode.swift; path = RemoteAddAccountUseCase.swift; sourceTree = "<group>"; };
		535859A62AA54B26008AE97C /* HttpPostClientProtocol.swift */ = {isa = PBXFileReference; lastKnownFileType = sourcecode.swift; path = HttpPostClientProtocol.swift; sourceTree = "<group>"; };
		535859AA2AA55549008AE97C /* DomainError.swift */ = {isa = PBXFileReference; lastKnownFileType = sourcecode.swift; path = DomainError.swift; sourceTree = "<group>"; };
		535859AD2AA566FF008AE97C /* HttpError.swift */ = {isa = PBXFileReference; lastKnownFileType = sourcecode.swift; path = HttpError.swift; sourceTree = "<group>"; };
		536037D92AA6774900004917 /* Extensions.swift */ = {isa = PBXFileReference; lastKnownFileType = sourcecode.swift; path = Extensions.swift; sourceTree = "<group>"; };
		536037DC2AA6969300004917 /* XCTestCaseExtension.swift */ = {isa = PBXFileReference; lastKnownFileType = sourcecode.swift; path = XCTestCaseExtension.swift; sourceTree = "<group>"; };
		536037DF2AA6B17700004917 /* Fakes.swift */ = {isa = PBXFileReference; lastKnownFileType = sourcecode.swift; path = Fakes.swift; sourceTree = "<group>"; };
		536037E12AA6B1BB00004917 /* HttpClientSpy.swift */ = {isa = PBXFileReference; lastKnownFileType = sourcecode.swift; path = HttpClientSpy.swift; sourceTree = "<group>"; };
		536037E32AA6B2DE00004917 /* RemoteAddAccountUseCaseTestsExtension.swift */ = {isa = PBXFileReference; lastKnownFileType = sourcecode.swift; path = RemoteAddAccountUseCaseTestsExtension.swift; sourceTree = "<group>"; };
		53A449F82A990C8D007DF156 /* Domain.framework */ = {isa = PBXFileReference; explicitFileType = wrapper.framework; includeInIndex = 0; path = Domain.framework; sourceTree = BUILT_PRODUCTS_DIR; };
		53A449FF2A991012007DF156 /* AddAccountProtocol.swift */ = {isa = PBXFileReference; lastKnownFileType = sourcecode.swift; path = AddAccountProtocol.swift; sourceTree = "<group>"; };
/* End PBXFileReference section */

/* Begin PBXFrameworksBuildPhase section */
		531132952AA7907600F4B101 /* Frameworks */ = {
			isa = PBXFrameworksBuildPhase;
			buildActionMask = 2147483647;
			files = (
				531132AD2AA7908A00F4B101 /* Application.framework in Frameworks */,
				531132BC2AA7942D00F4B101 /* Alamofire in Frameworks */,
			);
			runOnlyForDeploymentPostprocessing = 0;
		};
		5311329C2AA7907700F4B101 /* Frameworks */ = {
			isa = PBXFrameworksBuildPhase;
			buildActionMask = 2147483647;
			files = (
				531132A02AA7907700F4B101 /* Infra.framework in Frameworks */,
			);
			runOnlyForDeploymentPostprocessing = 0;
		};
		5358597F2AA52202008AE97C /* Frameworks */ = {
			isa = PBXFrameworksBuildPhase;
			buildActionMask = 2147483647;
			files = (
				535859982AA523B1008AE97C /* Domain.framework in Frameworks */,
			);
			runOnlyForDeploymentPostprocessing = 0;
		};
		535859862AA52203008AE97C /* Frameworks */ = {
			isa = PBXFrameworksBuildPhase;
			buildActionMask = 2147483647;
			files = (
				5358598A2AA52203008AE97C /* Application.framework in Frameworks */,
			);
			runOnlyForDeploymentPostprocessing = 0;
		};
		53A449F52A990C8D007DF156 /* Frameworks */ = {
			isa = PBXFrameworksBuildPhase;
			buildActionMask = 2147483647;
			files = (
				531132BA2AA7940F00F4B101 /* Alamofire in Frameworks */,
			);
			runOnlyForDeploymentPostprocessing = 0;
		};
/* End PBXFrameworksBuildPhase section */

/* Begin PBXGroup section */
		531132992AA7907600F4B101 /* Infra */ = {
			isa = PBXGroup;
			children = (
			);
			path = Infra;
			sourceTree = "<group>";
		};
		531132A32AA7907700F4B101 /* InfraTests */ = {
			isa = PBXGroup;
			children = (
				531132C02AA7E95000F4B101 /* Helpers */,
				531132BD2AA7E8FF00F4B101 /* Extensions */,
				531132A42AA7907700F4B101 /* AlamofireAdapterTests.swift */,
			);
			path = InfraTests;
			sourceTree = "<group>";
		};
		531132B32AA7921100F4B101 /* Tests */ = {
			isa = PBXGroup;
			children = (
				531132B42AA7924B00F4B101 /* Common */,
				5358598D2AA52203008AE97C /* ApplicationTests */,
				531132A32AA7907700F4B101 /* InfraTests */,
			);
			path = Tests;
			sourceTree = "<group>";
		};
		531132B42AA7924B00F4B101 /* Common */ = {
			isa = PBXGroup;
			children = (
				531132B62AA7926F00F4B101 /* Extensions */,
				531132B52AA7926200F4B101 /* Helpers */,
			);
			path = Common;
			sourceTree = "<group>";
		};
		531132B52AA7926200F4B101 /* Helpers */ = {
			isa = PBXGroup;
			children = (
				536037DF2AA6B17700004917 /* Fakes.swift */,
			);
			path = Helpers;
			sourceTree = "<group>";
		};
		531132B62AA7926F00F4B101 /* Extensions */ = {
			isa = PBXGroup;
			children = (
				536037DC2AA6969300004917 /* XCTestCaseExtension.swift */,
			);
			path = Extensions;
			sourceTree = "<group>";
		};
		531132BD2AA7E8FF00F4B101 /* Extensions */ = {
			isa = PBXGroup;
			children = (
				531132BE2AA7E92000F4B101 /* AlamofireAdapterTestsExtension.swift */,
			);
			path = Extensions;
			sourceTree = "<group>";
		};
		531132C02AA7E95000F4B101 /* Helpers */ = {
			isa = PBXGroup;
			children = (
				531132C12AA7E96100F4B101 /* UrlProtocolStub.swift */,
			);
			path = Helpers;
			sourceTree = "<group>";
		};
		5358595C2AA5203B008AE97C /* AddAccount */ = {
			isa = PBXGroup;
			children = (
				53A449FF2A991012007DF156 /* AddAccountProtocol.swift */,
				5358595D2AA52058008AE97C /* AddAccountInput.swift */,
				5358595F2AA5206B008AE97C /* AddAccountOutput.swift */,
			);
			path = AddAccount;
			sourceTree = "<group>";
		};
		535859832AA52202008AE97C /* Application */ = {
			isa = PBXGroup;
			children = (
				535859AC2AA566E0008AE97C /* Errors */,
				535859A52AA54B12008AE97C /* Protocols */,
				535859A22AA54A91008AE97C /* UseCases */,
			);
			path = Application;
			sourceTree = "<group>";
		};
		5358598D2AA52203008AE97C /* ApplicationTests */ = {
			isa = PBXGroup;
			children = (
				536037DE2AA6B13800004917 /* Helpers */,
				536037DB2AA6967200004917 /* Extensions */,
				5358598E2AA52203008AE97C /* RemoteAddAccountUseCaseTests.swift */,
			);
			path = ApplicationTests;
			sourceTree = "<group>";
		};
		535859972AA523B1008AE97C /* Frameworks */ = {
			isa = PBXGroup;
			children = (
			);
			name = Frameworks;
			sourceTree = "<group>";
		};
		5358599F2AA548CE008AE97C /* Aggregators */ = {
			isa = PBXGroup;
			children = (
				535859A02AA548F9008AE97C /* DTOProtocol.swift */,
			);
			path = Aggregators;
			sourceTree = "<group>";
		};
		535859A22AA54A91008AE97C /* UseCases */ = {
			isa = PBXGroup;
			children = (
				535859A32AA54AB0008AE97C /* RemoteAddAccountUseCase.swift */,
			);
			path = UseCases;
			sourceTree = "<group>";
		};
		535859A52AA54B12008AE97C /* Protocols */ = {
			isa = PBXGroup;
			children = (
				535859A62AA54B26008AE97C /* HttpPostClientProtocol.swift */,
			);
			path = Protocols;
			sourceTree = "<group>";
		};
		535859A82AA54C25008AE97C /* UseCases */ = {
			isa = PBXGroup;
			children = (
				5358595C2AA5203B008AE97C /* AddAccount */,
			);
			path = UseCases;
			sourceTree = "<group>";
		};
		535859A92AA55538008AE97C /* Errors */ = {
			isa = PBXGroup;
			children = (
				535859AA2AA55549008AE97C /* DomainError.swift */,
			);
			path = Errors;
			sourceTree = "<group>";
		};
		535859AC2AA566E0008AE97C /* Errors */ = {
			isa = PBXGroup;
			children = (
				535859AD2AA566FF008AE97C /* HttpError.swift */,
			);
			path = Errors;
			sourceTree = "<group>";
		};
		536037D82AA6773700004917 /* Extensions */ = {
			isa = PBXGroup;
			children = (
				536037D92AA6774900004917 /* Extensions.swift */,
			);
			path = Extensions;
			sourceTree = "<group>";
		};
		536037DB2AA6967200004917 /* Extensions */ = {
			isa = PBXGroup;
			children = (
				536037E32AA6B2DE00004917 /* RemoteAddAccountUseCaseTestsExtension.swift */,
			);
			path = Extensions;
			sourceTree = "<group>";
		};
		536037DE2AA6B13800004917 /* Helpers */ = {
			isa = PBXGroup;
			children = (
				536037E12AA6B1BB00004917 /* HttpClientSpy.swift */,
			);
			path = Helpers;
			sourceTree = "<group>";
		};
		53A449DF2A990B4B007DF156 = {
			isa = PBXGroup;
			children = (
				531132B32AA7921100F4B101 /* Tests */,
				53A449F92A990C8D007DF156 /* Domain */,
				535859832AA52202008AE97C /* Application */,
				531132992AA7907600F4B101 /* Infra */,
				53A449EA2A990B4B007DF156 /* Products */,
				535859972AA523B1008AE97C /* Frameworks */,
			);
			sourceTree = "<group>";
		};
		53A449EA2A990B4B007DF156 /* Products */ = {
			isa = PBXGroup;
			children = (
				53A449F82A990C8D007DF156 /* Domain.framework */,
				535859822AA52202008AE97C /* Application.framework */,
				535859892AA52203008AE97C /* ApplicationTests.xctest */,
				531132982AA7907600F4B101 /* Infra.framework */,
				5311329F2AA7907700F4B101 /* InfraTests.xctest */,
			);
			name = Products;
			sourceTree = "<group>";
		};
		53A449F92A990C8D007DF156 /* Domain */ = {
			isa = PBXGroup;
			children = (
				536037D82AA6773700004917 /* Extensions */,
				535859A92AA55538008AE97C /* Errors */,
				535859A82AA54C25008AE97C /* UseCases */,
				5358599F2AA548CE008AE97C /* Aggregators */,
			);
			path = Domain;
			sourceTree = "<group>";
		};
/* End PBXGroup section */

/* Begin PBXHeadersBuildPhase section */
		531132932AA7907600F4B101 /* Headers */ = {
			isa = PBXHeadersBuildPhase;
			buildActionMask = 2147483647;
			files = (
			);
			runOnlyForDeploymentPostprocessing = 0;
		};
		5358597D2AA52202008AE97C /* Headers */ = {
			isa = PBXHeadersBuildPhase;
			buildActionMask = 2147483647;
			files = (
			);
			runOnlyForDeploymentPostprocessing = 0;
		};
		53A449F32A990C8D007DF156 /* Headers */ = {
			isa = PBXHeadersBuildPhase;
			buildActionMask = 2147483647;
			files = (
			);
			runOnlyForDeploymentPostprocessing = 0;
		};
/* End PBXHeadersBuildPhase section */

/* Begin PBXNativeTarget section */
		531132972AA7907600F4B101 /* Infra */ = {
			isa = PBXNativeTarget;
			buildConfigurationList = 531132A72AA7907700F4B101 /* Build configuration list for PBXNativeTarget "Infra" */;
			buildPhases = (
				531132932AA7907600F4B101 /* Headers */,
				531132942AA7907600F4B101 /* Sources */,
				531132952AA7907600F4B101 /* Frameworks */,
				531132962AA7907600F4B101 /* Resources */,
				531132B12AA7908A00F4B101 /* Embed Frameworks */,
			);
			buildRules = (
			);
			dependencies = (
				531132B02AA7908A00F4B101 /* PBXTargetDependency */,
			);
			name = Infra;
			packageProductDependencies = (
				531132BB2AA7942D00F4B101 /* Alamofire */,
			);
			productName = Infra;
			productReference = 531132982AA7907600F4B101 /* Infra.framework */;
			productType = "com.apple.product-type.framework";
		};
		5311329E2AA7907700F4B101 /* InfraTests */ = {
			isa = PBXNativeTarget;
			buildConfigurationList = 531132AA2AA7907700F4B101 /* Build configuration list for PBXNativeTarget "InfraTests" */;
			buildPhases = (
				5311329B2AA7907700F4B101 /* Sources */,
				5311329C2AA7907700F4B101 /* Frameworks */,
				5311329D2AA7907700F4B101 /* Resources */,
			);
			buildRules = (
			);
			dependencies = (
				531132A22AA7907700F4B101 /* PBXTargetDependency */,
			);
			name = InfraTests;
			productName = InfraTests;
			productReference = 5311329F2AA7907700F4B101 /* InfraTests.xctest */;
			productType = "com.apple.product-type.bundle.unit-test";
		};
		535859812AA52202008AE97C /* Application */ = {
			isa = PBXNativeTarget;
			buildConfigurationList = 535859912AA52203008AE97C /* Build configuration list for PBXNativeTarget "Application" */;
			buildPhases = (
				5358597D2AA52202008AE97C /* Headers */,
				5358597E2AA52202008AE97C /* Sources */,
				5358597F2AA52202008AE97C /* Frameworks */,
				535859802AA52202008AE97C /* Resources */,
				5358599C2AA523B1008AE97C /* Embed Frameworks */,
			);
			buildRules = (
			);
			dependencies = (
				5358599B2AA523B1008AE97C /* PBXTargetDependency */,
			);
			name = Application;
			productName = Application;
			productReference = 535859822AA52202008AE97C /* Application.framework */;
			productType = "com.apple.product-type.framework";
		};
		535859882AA52203008AE97C /* ApplicationTests */ = {
			isa = PBXNativeTarget;
			buildConfigurationList = 535859942AA52203008AE97C /* Build configuration list for PBXNativeTarget "ApplicationTests" */;
			buildPhases = (
				535859852AA52203008AE97C /* Sources */,
				535859862AA52203008AE97C /* Frameworks */,
				535859872AA52203008AE97C /* Resources */,
			);
			buildRules = (
			);
			dependencies = (
				5358598C2AA52203008AE97C /* PBXTargetDependency */,
			);
			name = ApplicationTests;
			productName = ApplicationTests;
			productReference = 535859892AA52203008AE97C /* ApplicationTests.xctest */;
			productType = "com.apple.product-type.bundle.unit-test";
		};
		53A449F72A990C8D007DF156 /* Domain */ = {
			isa = PBXNativeTarget;
			buildConfigurationList = 53A449FC2A990C8D007DF156 /* Build configuration list for PBXNativeTarget "Domain" */;
			buildPhases = (
				53A449F32A990C8D007DF156 /* Headers */,
				53A449F42A990C8D007DF156 /* Sources */,
				53A449F52A990C8D007DF156 /* Frameworks */,
				53A449F62A990C8D007DF156 /* Resources */,
			);
			buildRules = (
			);
			dependencies = (
			);
			name = Domain;
			packageProductDependencies = (
				531132B92AA7940F00F4B101 /* Alamofire */,
			);
			productName = Domain;
			productReference = 53A449F82A990C8D007DF156 /* Domain.framework */;
			productType = "com.apple.product-type.framework";
		};
/* End PBXNativeTarget section */

/* Begin PBXProject section */
		53A449E02A990B4B007DF156 /* Project object */ = {
			isa = PBXProject;
			attributes = {
				BuildIndependentTargetsInParallel = 1;
				LastSwiftUpdateCheck = 1430;
				LastUpgradeCheck = 1430;
				TargetAttributes = {
					531132972AA7907600F4B101 = {
						CreatedOnToolsVersion = 14.3.1;
						LastSwiftMigration = 1430;
					};
					5311329E2AA7907700F4B101 = {
						CreatedOnToolsVersion = 14.3.1;
					};
					535859812AA52202008AE97C = {
						CreatedOnToolsVersion = 14.3.1;
						LastSwiftMigration = 1430;
					};
					535859882AA52203008AE97C = {
						CreatedOnToolsVersion = 14.3.1;
					};
					53A449F72A990C8D007DF156 = {
						CreatedOnToolsVersion = 14.3.1;
						LastSwiftMigration = 1430;
					};
				};
			};
			buildConfigurationList = 53A449E32A990B4B007DF156 /* Build configuration list for PBXProject "mango_treinamento" */;
			compatibilityVersion = "Xcode 14.0";
			developmentRegion = en;
			hasScannedForEncodings = 0;
			knownRegions = (
				en,
				Base,
			);
			mainGroup = 53A449DF2A990B4B007DF156;
			packageReferences = (
				531132B82AA7940F00F4B101 /* XCRemoteSwiftPackageReference "Alamofire" */,
			);
			productRefGroup = 53A449EA2A990B4B007DF156 /* Products */;
			projectDirPath = "";
			projectRoot = "";
			targets = (
				53A449F72A990C8D007DF156 /* Domain */,
				535859812AA52202008AE97C /* Application */,
				535859882AA52203008AE97C /* ApplicationTests */,
				531132972AA7907600F4B101 /* Infra */,
				5311329E2AA7907700F4B101 /* InfraTests */,
			);
		};
/* End PBXProject section */

/* Begin PBXResourcesBuildPhase section */
		531132962AA7907600F4B101 /* Resources */ = {
			isa = PBXResourcesBuildPhase;
			buildActionMask = 2147483647;
			files = (
			);
			runOnlyForDeploymentPostprocessing = 0;
		};
		5311329D2AA7907700F4B101 /* Resources */ = {
			isa = PBXResourcesBuildPhase;
			buildActionMask = 2147483647;
			files = (
			);
			runOnlyForDeploymentPostprocessing = 0;
		};
		535859802AA52202008AE97C /* Resources */ = {
			isa = PBXResourcesBuildPhase;
			buildActionMask = 2147483647;
			files = (
			);
			runOnlyForDeploymentPostprocessing = 0;
		};
		535859872AA52203008AE97C /* Resources */ = {
			isa = PBXResourcesBuildPhase;
			buildActionMask = 2147483647;
			files = (
			);
			runOnlyForDeploymentPostprocessing = 0;
		};
		53A449F62A990C8D007DF156 /* Resources */ = {
			isa = PBXResourcesBuildPhase;
			buildActionMask = 2147483647;
			files = (
			);
			runOnlyForDeploymentPostprocessing = 0;
		};
/* End PBXResourcesBuildPhase section */

/* Begin PBXSourcesBuildPhase section */
		531132942AA7907600F4B101 /* Sources */ = {
			isa = PBXSourcesBuildPhase;
			buildActionMask = 2147483647;
			files = (
			);
			runOnlyForDeploymentPostprocessing = 0;
		};
		5311329B2AA7907700F4B101 /* Sources */ = {
			isa = PBXSourcesBuildPhase;
			buildActionMask = 2147483647;
			files = (
				531132C32AA7EA2D00F4B101 /* AlamofireAdapterTestsExtension.swift in Sources */,
				531132B22AA791E000F4B101 /* Fakes.swift in Sources */,
				531132B72AA7929600F4B101 /* XCTestCaseExtension.swift in Sources */,
				531132A52AA7907700F4B101 /* AlamofireAdapterTests.swift in Sources */,
				531132C42AA7EA3000F4B101 /* UrlProtocolStub.swift in Sources */,
			);
			runOnlyForDeploymentPostprocessing = 0;
		};
		5358597E2AA52202008AE97C /* Sources */ = {
			isa = PBXSourcesBuildPhase;
			buildActionMask = 2147483647;
			files = (
				535859A72AA54B26008AE97C /* HttpPostClientProtocol.swift in Sources */,
				535859AE2AA566FF008AE97C /* HttpError.swift in Sources */,
				535859A42AA54AB0008AE97C /* RemoteAddAccountUseCase.swift in Sources */,
			);
			runOnlyForDeploymentPostprocessing = 0;
		};
		535859852AA52203008AE97C /* Sources */ = {
			isa = PBXSourcesBuildPhase;
			buildActionMask = 2147483647;
			files = (
				5358598F2AA52203008AE97C /* RemoteAddAccountUseCaseTests.swift in Sources */,
				536037DD2AA6969300004917 /* XCTestCaseExtension.swift in Sources */,
				536037E42AA6B2DE00004917 /* RemoteAddAccountUseCaseTestsExtension.swift in Sources */,
				536037E22AA6B1BB00004917 /* HttpClientSpy.swift in Sources */,
				536037E02AA6B17700004917 /* Fakes.swift in Sources */,
			);
			runOnlyForDeploymentPostprocessing = 0;
		};
		53A449F42A990C8D007DF156 /* Sources */ = {
			isa = PBXSourcesBuildPhase;
			buildActionMask = 2147483647;
			files = (
				535859AB2AA55549008AE97C /* DomainError.swift in Sources */,
				536037DA2AA6774900004917 /* Extensions.swift in Sources */,
				5358595E2AA52058008AE97C /* AddAccountInput.swift in Sources */,
				53A44A002A991012007DF156 /* AddAccountProtocol.swift in Sources */,
				535859602AA5206B008AE97C /* AddAccountOutput.swift in Sources */,
				535859A12AA548F9008AE97C /* DTOProtocol.swift in Sources */,
			);
			runOnlyForDeploymentPostprocessing = 0;
		};
/* End PBXSourcesBuildPhase section */

/* Begin PBXTargetDependency section */
		531132A22AA7907700F4B101 /* PBXTargetDependency */ = {
			isa = PBXTargetDependency;
			target = 531132972AA7907600F4B101 /* Infra */;
			targetProxy = 531132A12AA7907700F4B101 /* PBXContainerItemProxy */;
		};
		531132B02AA7908A00F4B101 /* PBXTargetDependency */ = {
			isa = PBXTargetDependency;
			target = 535859812AA52202008AE97C /* Application */;
			targetProxy = 531132AF2AA7908A00F4B101 /* PBXContainerItemProxy */;
		};
		5358598C2AA52203008AE97C /* PBXTargetDependency */ = {
			isa = PBXTargetDependency;
			target = 535859812AA52202008AE97C /* Application */;
			targetProxy = 5358598B2AA52203008AE97C /* PBXContainerItemProxy */;
		};
		5358599B2AA523B1008AE97C /* PBXTargetDependency */ = {
			isa = PBXTargetDependency;
			target = 53A449F72A990C8D007DF156 /* Domain */;
			targetProxy = 5358599A2AA523B1008AE97C /* PBXContainerItemProxy */;
		};
/* End PBXTargetDependency section */

/* Begin XCBuildConfiguration section */
		531132A82AA7907700F4B101 /* Debug */ = {
			isa = XCBuildConfiguration;
			buildSettings = {
				CLANG_ENABLE_MODULES = YES;
				CODE_SIGN_STYLE = Automatic;
				COMBINE_HIDPI_IMAGES = YES;
				CURRENT_PROJECT_VERSION = 1;
				DEFINES_MODULE = YES;
				DEVELOPMENT_TEAM = 47K5ANA66W;
				DYLIB_COMPATIBILITY_VERSION = 1;
				DYLIB_CURRENT_VERSION = 1;
				DYLIB_INSTALL_NAME_BASE = "@rpath";
				ENABLE_MODULE_VERIFIER = YES;
				GENERATE_INFOPLIST_FILE = YES;
				INFOPLIST_KEY_NSHumanReadableCopyright = "";
				INSTALL_PATH = "$(LOCAL_LIBRARY_DIR)/Frameworks";
				LD_RUNPATH_SEARCH_PATHS = (
					"$(inherited)",
					"@executable_path/../Frameworks",
					"@loader_path/Frameworks",
				);
				MACOSX_DEPLOYMENT_TARGET = 13.3;
				MARKETING_VERSION = 1.0;
				MODULE_VERIFIER_SUPPORTED_LANGUAGES = "objective-c objective-c++";
				MODULE_VERIFIER_SUPPORTED_LANGUAGE_STANDARDS = "gnu11 gnu++20";
				PRODUCT_BUNDLE_IDENTIFIER = com.training.Infra;
				PRODUCT_NAME = "$(TARGET_NAME:c99extidentifier)";
				SDKROOT = macosx;
				SKIP_INSTALL = YES;
				SWIFT_EMIT_LOC_STRINGS = YES;
				SWIFT_OPTIMIZATION_LEVEL = "-Onone";
				SWIFT_VERSION = 5.0;
			};
			name = Debug;
		};
		531132A92AA7907700F4B101 /* Release */ = {
			isa = XCBuildConfiguration;
			buildSettings = {
				CLANG_ENABLE_MODULES = YES;
				CODE_SIGN_STYLE = Automatic;
				COMBINE_HIDPI_IMAGES = YES;
				CURRENT_PROJECT_VERSION = 1;
				DEFINES_MODULE = YES;
				DEVELOPMENT_TEAM = 47K5ANA66W;
				DYLIB_COMPATIBILITY_VERSION = 1;
				DYLIB_CURRENT_VERSION = 1;
				DYLIB_INSTALL_NAME_BASE = "@rpath";
				ENABLE_MODULE_VERIFIER = YES;
				GENERATE_INFOPLIST_FILE = YES;
				INFOPLIST_KEY_NSHumanReadableCopyright = "";
				INSTALL_PATH = "$(LOCAL_LIBRARY_DIR)/Frameworks";
				LD_RUNPATH_SEARCH_PATHS = (
					"$(inherited)",
					"@executable_path/../Frameworks",
					"@loader_path/Frameworks",
				);
				MACOSX_DEPLOYMENT_TARGET = 13.3;
				MARKETING_VERSION = 1.0;
				MODULE_VERIFIER_SUPPORTED_LANGUAGES = "objective-c objective-c++";
				MODULE_VERIFIER_SUPPORTED_LANGUAGE_STANDARDS = "gnu11 gnu++20";
				PRODUCT_BUNDLE_IDENTIFIER = com.training.Infra;
				PRODUCT_NAME = "$(TARGET_NAME:c99extidentifier)";
				SDKROOT = macosx;
				SKIP_INSTALL = YES;
				SWIFT_EMIT_LOC_STRINGS = YES;
				SWIFT_VERSION = 5.0;
			};
			name = Release;
		};
		531132AB2AA7907700F4B101 /* Debug */ = {
			isa = XCBuildConfiguration;
			buildSettings = {
				CODE_SIGN_STYLE = Automatic;
				CURRENT_PROJECT_VERSION = 1;
				DEVELOPMENT_TEAM = 47K5ANA66W;
				GENERATE_INFOPLIST_FILE = YES;
				MACOSX_DEPLOYMENT_TARGET = 13.3;
				MARKETING_VERSION = 1.0;
				PRODUCT_BUNDLE_IDENTIFIER = com.training.InfraTests;
				PRODUCT_NAME = "$(TARGET_NAME)";
				SDKROOT = macosx;
				SWIFT_EMIT_LOC_STRINGS = NO;
				SWIFT_VERSION = 5.0;
			};
			name = Debug;
		};
		531132AC2AA7907700F4B101 /* Release */ = {
			isa = XCBuildConfiguration;
			buildSettings = {
				CODE_SIGN_STYLE = Automatic;
				CURRENT_PROJECT_VERSION = 1;
				DEVELOPMENT_TEAM = 47K5ANA66W;
				GENERATE_INFOPLIST_FILE = YES;
				MACOSX_DEPLOYMENT_TARGET = 13.3;
				MARKETING_VERSION = 1.0;
				PRODUCT_BUNDLE_IDENTIFIER = com.training.InfraTests;
				PRODUCT_NAME = "$(TARGET_NAME)";
				SDKROOT = macosx;
				SWIFT_EMIT_LOC_STRINGS = NO;
				SWIFT_VERSION = 5.0;
			};
			name = Release;
		};
		535859922AA52203008AE97C /* Debug */ = {
			isa = XCBuildConfiguration;
			buildSettings = {
				CLANG_ENABLE_MODULES = YES;
				CODE_SIGN_STYLE = Automatic;
				COMBINE_HIDPI_IMAGES = YES;
				CURRENT_PROJECT_VERSION = 1;
				DEFINES_MODULE = YES;
				DEVELOPMENT_TEAM = 47K5ANA66W;
				DYLIB_COMPATIBILITY_VERSION = 1;
				DYLIB_CURRENT_VERSION = 1;
				DYLIB_INSTALL_NAME_BASE = "@rpath";
				ENABLE_MODULE_VERIFIER = YES;
				GENERATE_INFOPLIST_FILE = YES;
				INFOPLIST_KEY_NSHumanReadableCopyright = "";
				INSTALL_PATH = "$(LOCAL_LIBRARY_DIR)/Frameworks";
				LD_RUNPATH_SEARCH_PATHS = (
					"$(inherited)",
					"@executable_path/../Frameworks",
					"@loader_path/Frameworks",
				);
				MACOSX_DEPLOYMENT_TARGET = 13.3;
				MARKETING_VERSION = 1.0;
				MODULE_VERIFIER_SUPPORTED_LANGUAGES = "objective-c objective-c++";
				MODULE_VERIFIER_SUPPORTED_LANGUAGE_STANDARDS = "gnu11 gnu++20";
				PRODUCT_BUNDLE_IDENTIFIER = com.training.Application;
				PRODUCT_NAME = "$(TARGET_NAME:c99extidentifier)";
				SDKROOT = macosx;
				SKIP_INSTALL = YES;
				SWIFT_EMIT_LOC_STRINGS = YES;
				SWIFT_OPTIMIZATION_LEVEL = "-Onone";
				SWIFT_VERSION = 5.0;
			};
			name = Debug;
		};
		535859932AA52203008AE97C /* Release */ = {
			isa = XCBuildConfiguration;
			buildSettings = {
				CLANG_ENABLE_MODULES = YES;
				CODE_SIGN_STYLE = Automatic;
				COMBINE_HIDPI_IMAGES = YES;
				CURRENT_PROJECT_VERSION = 1;
				DEFINES_MODULE = YES;
				DEVELOPMENT_TEAM = 47K5ANA66W;
				DYLIB_COMPATIBILITY_VERSION = 1;
				DYLIB_CURRENT_VERSION = 1;
				DYLIB_INSTALL_NAME_BASE = "@rpath";
				ENABLE_MODULE_VERIFIER = YES;
				GENERATE_INFOPLIST_FILE = YES;
				INFOPLIST_KEY_NSHumanReadableCopyright = "";
				INSTALL_PATH = "$(LOCAL_LIBRARY_DIR)/Frameworks";
				LD_RUNPATH_SEARCH_PATHS = (
					"$(inherited)",
					"@executable_path/../Frameworks",
					"@loader_path/Frameworks",
				);
				MACOSX_DEPLOYMENT_TARGET = 13.3;
				MARKETING_VERSION = 1.0;
				MODULE_VERIFIER_SUPPORTED_LANGUAGES = "objective-c objective-c++";
				MODULE_VERIFIER_SUPPORTED_LANGUAGE_STANDARDS = "gnu11 gnu++20";
				PRODUCT_BUNDLE_IDENTIFIER = com.training.Application;
				PRODUCT_NAME = "$(TARGET_NAME:c99extidentifier)";
				SDKROOT = macosx;
				SKIP_INSTALL = YES;
				SWIFT_EMIT_LOC_STRINGS = YES;
				SWIFT_VERSION = 5.0;
			};
			name = Release;
		};
		535859952AA52203008AE97C /* Debug */ = {
			isa = XCBuildConfiguration;
			buildSettings = {
				ALWAYS_EMBED_SWIFT_STANDARD_LIBRARIES = YES;
				CODE_SIGN_STYLE = Automatic;
				CURRENT_PROJECT_VERSION = 1;
				DEVELOPMENT_TEAM = 47K5ANA66W;
				GENERATE_INFOPLIST_FILE = YES;
				MACOSX_DEPLOYMENT_TARGET = 13.3;
				MARKETING_VERSION = 1.0;
				PRODUCT_BUNDLE_IDENTIFIER = com.training.ApplicationTests;
				PRODUCT_NAME = "$(TARGET_NAME)";
				SDKROOT = macosx;
				SWIFT_EMIT_LOC_STRINGS = NO;
				SWIFT_VERSION = 5.0;
			};
			name = Debug;
		};
		535859962AA52203008AE97C /* Release */ = {
			isa = XCBuildConfiguration;
			buildSettings = {
				ALWAYS_EMBED_SWIFT_STANDARD_LIBRARIES = YES;
				CODE_SIGN_STYLE = Automatic;
				CURRENT_PROJECT_VERSION = 1;
				DEVELOPMENT_TEAM = 47K5ANA66W;
				GENERATE_INFOPLIST_FILE = YES;
				MACOSX_DEPLOYMENT_TARGET = 13.3;
				MARKETING_VERSION = 1.0;
				PRODUCT_BUNDLE_IDENTIFIER = com.training.ApplicationTests;
				PRODUCT_NAME = "$(TARGET_NAME)";
				SDKROOT = macosx;
				SWIFT_EMIT_LOC_STRINGS = NO;
				SWIFT_VERSION = 5.0;
			};
			name = Release;
		};
		53A449EE2A990B4B007DF156 /* Debug */ = {
			isa = XCBuildConfiguration;
			buildSettings = {
				ALWAYS_SEARCH_USER_PATHS = NO;
				CLANG_ANALYZER_NONNULL = YES;
				CLANG_ANALYZER_NUMBER_OBJECT_CONVERSION = YES_AGGRESSIVE;
				CLANG_CXX_LANGUAGE_STANDARD = "gnu++20";
				CLANG_ENABLE_MODULES = YES;
				CLANG_ENABLE_OBJC_ARC = YES;
				CLANG_ENABLE_OBJC_WEAK = YES;
				CLANG_WARN_BLOCK_CAPTURE_AUTORELEASING = YES;
				CLANG_WARN_BOOL_CONVERSION = YES;
				CLANG_WARN_COMMA = YES;
				CLANG_WARN_CONSTANT_CONVERSION = YES;
				CLANG_WARN_DEPRECATED_OBJC_IMPLEMENTATIONS = YES;
				CLANG_WARN_DIRECT_OBJC_ISA_USAGE = YES_ERROR;
				CLANG_WARN_DOCUMENTATION_COMMENTS = YES;
				CLANG_WARN_EMPTY_BODY = YES;
				CLANG_WARN_ENUM_CONVERSION = YES;
				CLANG_WARN_INFINITE_RECURSION = YES;
				CLANG_WARN_INT_CONVERSION = YES;
				CLANG_WARN_NON_LITERAL_NULL_CONVERSION = YES;
				CLANG_WARN_OBJC_IMPLICIT_RETAIN_SELF = YES;
				CLANG_WARN_OBJC_LITERAL_CONVERSION = YES;
				CLANG_WARN_OBJC_ROOT_CLASS = YES_ERROR;
				CLANG_WARN_QUOTED_INCLUDE_IN_FRAMEWORK_HEADER = YES;
				CLANG_WARN_RANGE_LOOP_ANALYSIS = YES;
				CLANG_WARN_STRICT_PROTOTYPES = YES;
				CLANG_WARN_SUSPICIOUS_MOVE = YES;
				CLANG_WARN_UNGUARDED_AVAILABILITY = YES_AGGRESSIVE;
				CLANG_WARN_UNREACHABLE_CODE = YES;
				CLANG_WARN__DUPLICATE_METHOD_MATCH = YES;
				COPY_PHASE_STRIP = NO;
				CURRENT_PROJECT_VERSION = 1;
				DEBUG_INFORMATION_FORMAT = dwarf;
				ENABLE_STRICT_OBJC_MSGSEND = YES;
				ENABLE_TESTABILITY = YES;
				GCC_C_LANGUAGE_STANDARD = gnu11;
				GCC_DYNAMIC_NO_PIC = NO;
				GCC_NO_COMMON_BLOCKS = YES;
				GCC_OPTIMIZATION_LEVEL = 0;
				GCC_PREPROCESSOR_DEFINITIONS = (
					"DEBUG=1",
					"$(inherited)",
				);
				GCC_WARN_64_TO_32_BIT_CONVERSION = YES;
				GCC_WARN_ABOUT_RETURN_TYPE = YES_ERROR;
				GCC_WARN_UNDECLARED_SELECTOR = YES;
				GCC_WARN_UNINITIALIZED_AUTOS = YES_AGGRESSIVE;
				GCC_WARN_UNUSED_FUNCTION = YES;
				GCC_WARN_UNUSED_VARIABLE = YES;
				IPHONEOS_DEPLOYMENT_TARGET = 16.4;
				MTL_ENABLE_DEBUG_INFO = INCLUDE_SOURCE;
				MTL_FAST_MATH = YES;
				ONLY_ACTIVE_ARCH = YES;
				SDKROOT = iphoneos;
				SWIFT_ACTIVE_COMPILATION_CONDITIONS = DEBUG;
				SWIFT_OPTIMIZATION_LEVEL = "-Onone";
				VERSIONING_SYSTEM = "apple-generic";
				VERSION_INFO_PREFIX = "";
			};
			name = Debug;
		};
		53A449EF2A990B4B007DF156 /* Release */ = {
			isa = XCBuildConfiguration;
			buildSettings = {
				ALWAYS_SEARCH_USER_PATHS = NO;
				CLANG_ANALYZER_NONNULL = YES;
				CLANG_ANALYZER_NUMBER_OBJECT_CONVERSION = YES_AGGRESSIVE;
				CLANG_CXX_LANGUAGE_STANDARD = "gnu++20";
				CLANG_ENABLE_MODULES = YES;
				CLANG_ENABLE_OBJC_ARC = YES;
				CLANG_ENABLE_OBJC_WEAK = YES;
				CLANG_WARN_BLOCK_CAPTURE_AUTORELEASING = YES;
				CLANG_WARN_BOOL_CONVERSION = YES;
				CLANG_WARN_COMMA = YES;
				CLANG_WARN_CONSTANT_CONVERSION = YES;
				CLANG_WARN_DEPRECATED_OBJC_IMPLEMENTATIONS = YES;
				CLANG_WARN_DIRECT_OBJC_ISA_USAGE = YES_ERROR;
				CLANG_WARN_DOCUMENTATION_COMMENTS = YES;
				CLANG_WARN_EMPTY_BODY = YES;
				CLANG_WARN_ENUM_CONVERSION = YES;
				CLANG_WARN_INFINITE_RECURSION = YES;
				CLANG_WARN_INT_CONVERSION = YES;
				CLANG_WARN_NON_LITERAL_NULL_CONVERSION = YES;
				CLANG_WARN_OBJC_IMPLICIT_RETAIN_SELF = YES;
				CLANG_WARN_OBJC_LITERAL_CONVERSION = YES;
				CLANG_WARN_OBJC_ROOT_CLASS = YES_ERROR;
				CLANG_WARN_QUOTED_INCLUDE_IN_FRAMEWORK_HEADER = YES;
				CLANG_WARN_RANGE_LOOP_ANALYSIS = YES;
				CLANG_WARN_STRICT_PROTOTYPES = YES;
				CLANG_WARN_SUSPICIOUS_MOVE = YES;
				CLANG_WARN_UNGUARDED_AVAILABILITY = YES_AGGRESSIVE;
				CLANG_WARN_UNREACHABLE_CODE = YES;
				CLANG_WARN__DUPLICATE_METHOD_MATCH = YES;
				COPY_PHASE_STRIP = NO;
				CURRENT_PROJECT_VERSION = 1;
				DEBUG_INFORMATION_FORMAT = "dwarf-with-dsym";
				ENABLE_NS_ASSERTIONS = NO;
				ENABLE_STRICT_OBJC_MSGSEND = YES;
				GCC_C_LANGUAGE_STANDARD = gnu11;
				GCC_NO_COMMON_BLOCKS = YES;
				GCC_WARN_64_TO_32_BIT_CONVERSION = YES;
				GCC_WARN_ABOUT_RETURN_TYPE = YES_ERROR;
				GCC_WARN_UNDECLARED_SELECTOR = YES;
				GCC_WARN_UNINITIALIZED_AUTOS = YES_AGGRESSIVE;
				GCC_WARN_UNUSED_FUNCTION = YES;
				GCC_WARN_UNUSED_VARIABLE = YES;
				IPHONEOS_DEPLOYMENT_TARGET = 16.4;
				MTL_ENABLE_DEBUG_INFO = NO;
				MTL_FAST_MATH = YES;
				SDKROOT = iphoneos;
				SWIFT_COMPILATION_MODE = wholemodule;
				SWIFT_OPTIMIZATION_LEVEL = "-O";
				VALIDATE_PRODUCT = YES;
				VERSIONING_SYSTEM = "apple-generic";
				VERSION_INFO_PREFIX = "";
			};
			name = Release;
		};
		53A449FD2A990C8D007DF156 /* Debug */ = {
			isa = XCBuildConfiguration;
			buildSettings = {
				CLANG_ENABLE_MODULES = YES;
				CODE_SIGN_STYLE = Automatic;
				COMBINE_HIDPI_IMAGES = YES;
				CURRENT_PROJECT_VERSION = 1;
				DEFINES_MODULE = YES;
				DEVELOPMENT_TEAM = 47K5ANA66W;
				DYLIB_COMPATIBILITY_VERSION = 1;
				DYLIB_CURRENT_VERSION = 1;
				DYLIB_INSTALL_NAME_BASE = "@rpath";
				ENABLE_MODULE_VERIFIER = YES;
				GENERATE_INFOPLIST_FILE = YES;
				INFOPLIST_KEY_NSHumanReadableCopyright = "";
				INSTALL_PATH = "$(LOCAL_LIBRARY_DIR)/Frameworks";
				LD_RUNPATH_SEARCH_PATHS = (
					"$(inherited)",
					"@executable_path/../Frameworks",
					"@loader_path/Frameworks",
				);
				MACOSX_DEPLOYMENT_TARGET = 13.3;
				MARKETING_VERSION = 1.0;
				MODULE_VERIFIER_SUPPORTED_LANGUAGES = "objective-c objective-c++";
				MODULE_VERIFIER_SUPPORTED_LANGUAGE_STANDARDS = "gnu11 gnu++20";
				PRODUCT_BUNDLE_IDENTIFIER = com.treinamento.Domain;
				PRODUCT_NAME = "$(TARGET_NAME:c99extidentifier)";
				SDKROOT = macosx;
				SKIP_INSTALL = YES;
				SWIFT_EMIT_LOC_STRINGS = YES;
				SWIFT_OPTIMIZATION_LEVEL = "-Onone";
				SWIFT_VERSION = 5.0;
			};
			name = Debug;
		};
		53A449FE2A990C8D007DF156 /* Release */ = {
			isa = XCBuildConfiguration;
			buildSettings = {
				CLANG_ENABLE_MODULES = YES;
				CODE_SIGN_STYLE = Automatic;
				COMBINE_HIDPI_IMAGES = YES;
				CURRENT_PROJECT_VERSION = 1;
				DEFINES_MODULE = YES;
				DEVELOPMENT_TEAM = 47K5ANA66W;
				DYLIB_COMPATIBILITY_VERSION = 1;
				DYLIB_CURRENT_VERSION = 1;
				DYLIB_INSTALL_NAME_BASE = "@rpath";
				ENABLE_MODULE_VERIFIER = YES;
				GENERATE_INFOPLIST_FILE = YES;
				INFOPLIST_KEY_NSHumanReadableCopyright = "";
				INSTALL_PATH = "$(LOCAL_LIBRARY_DIR)/Frameworks";
				LD_RUNPATH_SEARCH_PATHS = (
					"$(inherited)",
					"@executable_path/../Frameworks",
					"@loader_path/Frameworks",
				);
				MACOSX_DEPLOYMENT_TARGET = 13.3;
				MARKETING_VERSION = 1.0;
				MODULE_VERIFIER_SUPPORTED_LANGUAGES = "objective-c objective-c++";
				MODULE_VERIFIER_SUPPORTED_LANGUAGE_STANDARDS = "gnu11 gnu++20";
				PRODUCT_BUNDLE_IDENTIFIER = com.treinamento.Domain;
				PRODUCT_NAME = "$(TARGET_NAME:c99extidentifier)";
				SDKROOT = macosx;
				SKIP_INSTALL = YES;
				SWIFT_EMIT_LOC_STRINGS = YES;
				SWIFT_VERSION = 5.0;
			};
			name = Release;
		};
/* End XCBuildConfiguration section */

/* Begin XCConfigurationList section */
		531132A72AA7907700F4B101 /* Build configuration list for PBXNativeTarget "Infra" */ = {
			isa = XCConfigurationList;
			buildConfigurations = (
				531132A82AA7907700F4B101 /* Debug */,
				531132A92AA7907700F4B101 /* Release */,
			);
			defaultConfigurationIsVisible = 0;
			defaultConfigurationName = Release;
		};
		531132AA2AA7907700F4B101 /* Build configuration list for PBXNativeTarget "InfraTests" */ = {
			isa = XCConfigurationList;
			buildConfigurations = (
				531132AB2AA7907700F4B101 /* Debug */,
				531132AC2AA7907700F4B101 /* Release */,
			);
			defaultConfigurationIsVisible = 0;
			defaultConfigurationName = Release;
		};
		535859912AA52203008AE97C /* Build configuration list for PBXNativeTarget "Application" */ = {
			isa = XCConfigurationList;
			buildConfigurations = (
				535859922AA52203008AE97C /* Debug */,
				535859932AA52203008AE97C /* Release */,
			);
			defaultConfigurationIsVisible = 0;
			defaultConfigurationName = Release;
		};
		535859942AA52203008AE97C /* Build configuration list for PBXNativeTarget "ApplicationTests" */ = {
			isa = XCConfigurationList;
			buildConfigurations = (
				535859952AA52203008AE97C /* Debug */,
				535859962AA52203008AE97C /* Release */,
			);
			defaultConfigurationIsVisible = 0;
			defaultConfigurationName = Release;
		};
		53A449E32A990B4B007DF156 /* Build configuration list for PBXProject "mango_treinamento" */ = {
			isa = XCConfigurationList;
			buildConfigurations = (
				53A449EE2A990B4B007DF156 /* Debug */,
				53A449EF2A990B4B007DF156 /* Release */,
			);
			defaultConfigurationIsVisible = 0;
			defaultConfigurationName = Release;
		};
		53A449FC2A990C8D007DF156 /* Build configuration list for PBXNativeTarget "Domain" */ = {
			isa = XCConfigurationList;
			buildConfigurations = (
				53A449FD2A990C8D007DF156 /* Debug */,
				53A449FE2A990C8D007DF156 /* Release */,
			);
			defaultConfigurationIsVisible = 0;
			defaultConfigurationName = Release;
		};
/* End XCConfigurationList section */

/* Begin XCRemoteSwiftPackageReference section */
		531132B82AA7940F00F4B101 /* XCRemoteSwiftPackageReference "Alamofire" */ = {
			isa = XCRemoteSwiftPackageReference;
			repositoryURL = "https://github.com/Alamofire/Alamofire.git";
			requirement = {
				kind = upToNextMajorVersion;
				minimumVersion = 5.0.0;
			};
		};
/* End XCRemoteSwiftPackageReference section */

/* Begin XCSwiftPackageProductDependency section */
		531132B92AA7940F00F4B101 /* Alamofire */ = {
			isa = XCSwiftPackageProductDependency;
			package = 531132B82AA7940F00F4B101 /* XCRemoteSwiftPackageReference "Alamofire" */;
			productName = Alamofire;
		};
		531132BB2AA7942D00F4B101 /* Alamofire */ = {
			isa = XCSwiftPackageProductDependency;
			package = 531132B82AA7940F00F4B101 /* XCRemoteSwiftPackageReference "Alamofire" */;
			productName = Alamofire;
		};
/* End XCSwiftPackageProductDependency section */
	};
	rootObject = 53A449E02A990B4B007DF156 /* Project object */;
}
