// !$*UTF8*$!
{
	archiveVersion = 1;
	classes = {
	};
	objectVersion = 56;
	objects = {

/* Begin PBXBuildFile section */
		531132AD2AA7908A00F4B101 /* Application.framework in Frameworks */ = {isa = PBXBuildFile; fileRef = 535859822AA52202008AE97C /* Application.framework */; };
		531132AE2AA7908A00F4B101 /* Application.framework in Embed Frameworks */ = {isa = PBXBuildFile; fileRef = 535859822AA52202008AE97C /* Application.framework */; settings = {ATTRIBUTES = (CodeSignOnCopy, RemoveHeadersOnCopy, ); }; };
		531132BA2AA7940F00F4B101 /* Alamofire in Frameworks */ = {isa = PBXBuildFile; productRef = 531132B92AA7940F00F4B101 /* Alamofire */; };
		531132BC2AA7942D00F4B101 /* Alamofire in Frameworks */ = {isa = PBXBuildFile; productRef = 531132BB2AA7942D00F4B101 /* Alamofire */; };
		531132C62AA7F38400F4B101 /* AlamofireAdapterExtensions.swift in Sources */ = {isa = PBXBuildFile; fileRef = 531132C52AA7F38400F4B101 /* AlamofireAdapterExtensions.swift */; };
		53414E8E2AA82198005E01DD /* AlamofireAdapter.swift in Sources */ = {isa = PBXBuildFile; fileRef = 53414E8D2AA82198005E01DD /* AlamofireAdapter.swift */; };
		53539AE22AAA43E100973A35 /* UI.framework in Frameworks */ = {isa = PBXBuildFile; fileRef = 53539ADA2AAA43E100973A35 /* UI.framework */; };
		53539AE72AAA43E100973A35 /* SignUpViewControllerTests.swift in Sources */ = {isa = PBXBuildFile; fileRef = 53539AE62AAA43E100973A35 /* SignUpViewControllerTests.swift */; };
		53539AEF2AAA440900973A35 /* UrlProtocolStub.swift in Sources */ = {isa = PBXBuildFile; fileRef = 531132C12AA7E96100F4B101 /* UrlProtocolStub.swift */; };
		53539AF02AAA440900973A35 /* Fakes.swift in Sources */ = {isa = PBXBuildFile; fileRef = 536037DF2AA6B17700004917 /* Fakes.swift */; };
		53539AF12AAA440900973A35 /* XCTestCaseExtensions.swift in Sources */ = {isa = PBXBuildFile; fileRef = 536037DC2AA6969300004917 /* XCTestCaseExtensions.swift */; };
		53539AF32AAA4A1F00973A35 /* SignUpViewController.swift in Sources */ = {isa = PBXBuildFile; fileRef = 53539AF22AAA4A1F00973A35 /* SignUpViewController.swift */; };
		53539AF92AAA4C5C00973A35 /* SignUp.storyboard in Resources */ = {isa = PBXBuildFile; fileRef = 53539AF82AAA4C5C00973A35 /* SignUp.storyboard */; };
		53539AFA2AAA502800973A35 /* Domain.framework in Frameworks */ = {isa = PBXBuildFile; fileRef = 53A449F82A990C8D007DF156 /* Domain.framework */; };
		53539AFB2AAA502800973A35 /* Domain.framework in Embed Frameworks */ = {isa = PBXBuildFile; fileRef = 53A449F82A990C8D007DF156 /* Domain.framework */; settings = {ATTRIBUTES = (CodeSignOnCopy, RemoveHeadersOnCopy, ); }; };
		53539B012AAA540F00973A35 /* LoadingView.swift in Sources */ = {isa = PBXBuildFile; fileRef = 53539B002AAA540F00973A35 /* LoadingView.swift */; };
		5358595E2AA52058008AE97C /* AddAccountInput.swift in Sources */ = {isa = PBXBuildFile; fileRef = 5358595D2AA52058008AE97C /* AddAccountInput.swift */; };
		535859602AA5206B008AE97C /* AddAccountOutput.swift in Sources */ = {isa = PBXBuildFile; fileRef = 5358595F2AA5206B008AE97C /* AddAccountOutput.swift */; };
		535859982AA523B1008AE97C /* Domain.framework in Frameworks */ = {isa = PBXBuildFile; fileRef = 53A449F82A990C8D007DF156 /* Domain.framework */; };
		535859992AA523B1008AE97C /* Domain.framework in Embed Frameworks */ = {isa = PBXBuildFile; fileRef = 53A449F82A990C8D007DF156 /* Domain.framework */; settings = {ATTRIBUTES = (CodeSignOnCopy, RemoveHeadersOnCopy, ); }; };
		535859A12AA548F9008AE97C /* DTOProtocol.swift in Sources */ = {isa = PBXBuildFile; fileRef = 535859A02AA548F9008AE97C /* DTOProtocol.swift */; };
		535859A42AA54AB0008AE97C /* RemoteAddAccountUseCase.swift in Sources */ = {isa = PBXBuildFile; fileRef = 535859A32AA54AB0008AE97C /* RemoteAddAccountUseCase.swift */; };
		535859A72AA54B26008AE97C /* HttpPostClientProtocol.swift in Sources */ = {isa = PBXBuildFile; fileRef = 535859A62AA54B26008AE97C /* HttpPostClientProtocol.swift */; };
		535859AB2AA55549008AE97C /* DomainError.swift in Sources */ = {isa = PBXBuildFile; fileRef = 535859AA2AA55549008AE97C /* DomainError.swift */; };
		535859AE2AA566FF008AE97C /* HttpError.swift in Sources */ = {isa = PBXBuildFile; fileRef = 535859AD2AA566FF008AE97C /* HttpError.swift */; };
		536037DA2AA6774900004917 /* DomainExtensions.swift in Sources */ = {isa = PBXBuildFile; fileRef = 536037D92AA6774900004917 /* DomainExtensions.swift */; };
		5368021C2AAA81820003EC62 /* AlertView.swift in Sources */ = {isa = PBXBuildFile; fileRef = 5368021B2AAA81820003EC62 /* AlertView.swift */; };
		5368021E2AAA81F70003EC62 /* ValidationProtocol.swift in Sources */ = {isa = PBXBuildFile; fileRef = 5368021D2AAA81F70003EC62 /* ValidationProtocol.swift */; };
		53A44A002A991012007DF156 /* AddAccountProtocol.swift in Sources */ = {isa = PBXBuildFile; fileRef = 53A449FF2A991012007DF156 /* AddAccountProtocol.swift */; };
		53CAF4052AA8DC2D00C293D6 /* Application.framework in Frameworks */ = {isa = PBXBuildFile; fileRef = 535859822AA52202008AE97C /* Application.framework */; };
		53CAF40B2AA8DC5F00C293D6 /* RemoteAddAccountUseCaseTestsExtensions.swift in Sources */ = {isa = PBXBuildFile; fileRef = 536037E32AA6B2DE00004917 /* RemoteAddAccountUseCaseTestsExtensions.swift */; };
		53CAF40C2AA8DC6100C293D6 /* RemoteAddAccountUseCaseTests.swift in Sources */ = {isa = PBXBuildFile; fileRef = 5358598E2AA52203008AE97C /* RemoteAddAccountUseCaseTests.swift */; };
		53CAF40D2AA8DC6700C293D6 /* HttpClientSpy.swift in Sources */ = {isa = PBXBuildFile; fileRef = 536037E12AA6B1BB00004917 /* HttpClientSpy.swift */; };
		53CAF40E2AA8DC6D00C293D6 /* XCTestCaseExtensions.swift in Sources */ = {isa = PBXBuildFile; fileRef = 536037DC2AA6969300004917 /* XCTestCaseExtensions.swift */; };
		53CAF40F2AA8DC6F00C293D6 /* UrlProtocolStub.swift in Sources */ = {isa = PBXBuildFile; fileRef = 531132C12AA7E96100F4B101 /* UrlProtocolStub.swift */; };
		53CAF4102AA8DC7100C293D6 /* Fakes.swift in Sources */ = {isa = PBXBuildFile; fileRef = 536037DF2AA6B17700004917 /* Fakes.swift */; };
		53CAF4192AA8DCA000C293D6 /* Infra.framework in Frameworks */ = {isa = PBXBuildFile; fileRef = 531132982AA7907600F4B101 /* Infra.framework */; };
		53CAF4202AA8DCAC00C293D6 /* AlamofireAdapterTestsExtension.swift in Sources */ = {isa = PBXBuildFile; fileRef = 531132BE2AA7E92000F4B101 /* AlamofireAdapterTestsExtension.swift */; };
		53CAF4212AA8DCAF00C293D6 /* AlamofireAdapterTests.swift in Sources */ = {isa = PBXBuildFile; fileRef = 531132A42AA7907700F4B101 /* AlamofireAdapterTests.swift */; };
		53CAF4222AA8DCB400C293D6 /* UrlProtocolStub.swift in Sources */ = {isa = PBXBuildFile; fileRef = 531132C12AA7E96100F4B101 /* UrlProtocolStub.swift */; };
		53CAF4232AA8DCB400C293D6 /* Fakes.swift in Sources */ = {isa = PBXBuildFile; fileRef = 536037DF2AA6B17700004917 /* Fakes.swift */; };
		53CAF4242AA8DCB600C293D6 /* XCTestCaseExtensions.swift in Sources */ = {isa = PBXBuildFile; fileRef = 536037DC2AA6969300004917 /* XCTestCaseExtensions.swift */; };
		53CAF42D2AA8E97400C293D6 /* UseCasesIntegrationTests.swift in Sources */ = {isa = PBXBuildFile; fileRef = 53CAF42C2AA8E97400C293D6 /* UseCasesIntegrationTests.swift */; };
		53CAF42E2AA8E97400C293D6 /* Application.framework in Frameworks */ = {isa = PBXBuildFile; fileRef = 535859822AA52202008AE97C /* Application.framework */; };
		53CAF4392AA8ECCE00C293D6 /* XCTestCaseExtensions.swift in Sources */ = {isa = PBXBuildFile; fileRef = 536037DC2AA6969300004917 /* XCTestCaseExtensions.swift */; };
		53CAF43A2AA8ECD300C293D6 /* UrlProtocolStub.swift in Sources */ = {isa = PBXBuildFile; fileRef = 531132C12AA7E96100F4B101 /* UrlProtocolStub.swift */; };
		53CAF43B2AA8ECD300C293D6 /* Fakes.swift in Sources */ = {isa = PBXBuildFile; fileRef = 536037DF2AA6B17700004917 /* Fakes.swift */; };
/* End PBXBuildFile section */

/* Begin PBXContainerItemProxy section */
		531132AF2AA7908A00F4B101 /* PBXContainerItemProxy */ = {
			isa = PBXContainerItemProxy;
			containerPortal = 53A449E02A990B4B007DF156 /* Project object */;
			proxyType = 1;
			remoteGlobalIDString = 535859812AA52202008AE97C;
			remoteInfo = Application;
		};
		53539AE32AAA43E100973A35 /* PBXContainerItemProxy */ = {
			isa = PBXContainerItemProxy;
			containerPortal = 53A449E02A990B4B007DF156 /* Project object */;
			proxyType = 1;
			remoteGlobalIDString = 53539AD92AAA43E100973A35;
			remoteInfo = UI;
		};
		53539AFC2AAA502800973A35 /* PBXContainerItemProxy */ = {
			isa = PBXContainerItemProxy;
			containerPortal = 53A449E02A990B4B007DF156 /* Project object */;
			proxyType = 1;
			remoteGlobalIDString = 53A449F72A990C8D007DF156;
			remoteInfo = Domain;
		};
		5358599A2AA523B1008AE97C /* PBXContainerItemProxy */ = {
			isa = PBXContainerItemProxy;
			containerPortal = 53A449E02A990B4B007DF156 /* Project object */;
			proxyType = 1;
			remoteGlobalIDString = 53A449F72A990C8D007DF156;
			remoteInfo = Domain;
		};
		53CAF4062AA8DC2D00C293D6 /* PBXContainerItemProxy */ = {
			isa = PBXContainerItemProxy;
			containerPortal = 53A449E02A990B4B007DF156 /* Project object */;
			proxyType = 1;
			remoteGlobalIDString = 535859812AA52202008AE97C;
			remoteInfo = Application;
		};
		53CAF41A2AA8DCA000C293D6 /* PBXContainerItemProxy */ = {
			isa = PBXContainerItemProxy;
			containerPortal = 53A449E02A990B4B007DF156 /* Project object */;
			proxyType = 1;
			remoteGlobalIDString = 531132972AA7907600F4B101;
			remoteInfo = Infra;
		};
		53CAF42F2AA8E97400C293D6 /* PBXContainerItemProxy */ = {
			isa = PBXContainerItemProxy;
			containerPortal = 53A449E02A990B4B007DF156 /* Project object */;
			proxyType = 1;
			remoteGlobalIDString = 535859812AA52202008AE97C;
			remoteInfo = Application;
		};
		53CAF4342AA8E98C00C293D6 /* PBXContainerItemProxy */ = {
			isa = PBXContainerItemProxy;
			containerPortal = 53A449E02A990B4B007DF156 /* Project object */;
			proxyType = 1;
			remoteGlobalIDString = 53A449F72A990C8D007DF156;
			remoteInfo = Domain;
		};
		53CAF4362AA8E98C00C293D6 /* PBXContainerItemProxy */ = {
			isa = PBXContainerItemProxy;
			containerPortal = 53A449E02A990B4B007DF156 /* Project object */;
			proxyType = 1;
			remoteGlobalIDString = 531132972AA7907600F4B101;
			remoteInfo = Infra;
		};
/* End PBXContainerItemProxy section */

/* Begin PBXCopyFilesBuildPhase section */
		531132B12AA7908A00F4B101 /* Embed Frameworks */ = {
			isa = PBXCopyFilesBuildPhase;
			buildActionMask = 2147483647;
			dstPath = "";
			dstSubfolderSpec = 10;
			files = (
				531132AE2AA7908A00F4B101 /* Application.framework in Embed Frameworks */,
			);
			name = "Embed Frameworks";
			runOnlyForDeploymentPostprocessing = 0;
		};
		53539AFE2AAA502800973A35 /* Embed Frameworks */ = {
			isa = PBXCopyFilesBuildPhase;
			buildActionMask = 2147483647;
			dstPath = "";
			dstSubfolderSpec = 10;
			files = (
				53539AFB2AAA502800973A35 /* Domain.framework in Embed Frameworks */,
			);
			name = "Embed Frameworks";
			runOnlyForDeploymentPostprocessing = 0;
		};
		5358599C2AA523B1008AE97C /* Embed Frameworks */ = {
			isa = PBXCopyFilesBuildPhase;
			buildActionMask = 2147483647;
			dstPath = "";
			dstSubfolderSpec = 10;
			files = (
				535859992AA523B1008AE97C /* Domain.framework in Embed Frameworks */,
			);
			name = "Embed Frameworks";
			runOnlyForDeploymentPostprocessing = 0;
		};
/* End PBXCopyFilesBuildPhase section */

/* Begin PBXFileReference section */
		531132982AA7907600F4B101 /* Infra.framework */ = {isa = PBXFileReference; explicitFileType = wrapper.framework; includeInIndex = 0; path = Infra.framework; sourceTree = BUILT_PRODUCTS_DIR; };
		531132A42AA7907700F4B101 /* AlamofireAdapterTests.swift */ = {isa = PBXFileReference; lastKnownFileType = sourcecode.swift; path = AlamofireAdapterTests.swift; sourceTree = "<group>"; };
		531132BE2AA7E92000F4B101 /* AlamofireAdapterTestsExtension.swift */ = {isa = PBXFileReference; lastKnownFileType = sourcecode.swift; path = AlamofireAdapterTestsExtension.swift; sourceTree = "<group>"; };
		531132C12AA7E96100F4B101 /* UrlProtocolStub.swift */ = {isa = PBXFileReference; lastKnownFileType = sourcecode.swift; path = UrlProtocolStub.swift; sourceTree = "<group>"; };
		531132C52AA7F38400F4B101 /* AlamofireAdapterExtensions.swift */ = {isa = PBXFileReference; lastKnownFileType = sourcecode.swift; path = AlamofireAdapterExtensions.swift; sourceTree = "<group>"; };
		53414E8D2AA82198005E01DD /* AlamofireAdapter.swift */ = {isa = PBXFileReference; lastKnownFileType = sourcecode.swift; path = AlamofireAdapter.swift; sourceTree = "<group>"; };
		53539ADA2AAA43E100973A35 /* UI.framework */ = {isa = PBXFileReference; explicitFileType = wrapper.framework; includeInIndex = 0; path = UI.framework; sourceTree = BUILT_PRODUCTS_DIR; };
		53539AE12AAA43E100973A35 /* UITests.xctest */ = {isa = PBXFileReference; explicitFileType = wrapper.cfbundle; includeInIndex = 0; path = UITests.xctest; sourceTree = BUILT_PRODUCTS_DIR; };
		53539AE62AAA43E100973A35 /* SignUpViewControllerTests.swift */ = {isa = PBXFileReference; lastKnownFileType = sourcecode.swift; path = SignUpViewControllerTests.swift; sourceTree = "<group>"; };
		53539AF22AAA4A1F00973A35 /* SignUpViewController.swift */ = {isa = PBXFileReference; lastKnownFileType = sourcecode.swift; path = SignUpViewController.swift; sourceTree = "<group>"; };
		53539AF82AAA4C5C00973A35 /* SignUp.storyboard */ = {isa = PBXFileReference; lastKnownFileType = file.storyboard; path = SignUp.storyboard; sourceTree = "<group>"; };
		53539B002AAA540F00973A35 /* LoadingView.swift */ = {isa = PBXFileReference; lastKnownFileType = sourcecode.swift; path = LoadingView.swift; sourceTree = "<group>"; };
		5358595D2AA52058008AE97C /* AddAccountInput.swift */ = {isa = PBXFileReference; lastKnownFileType = sourcecode.swift; path = AddAccountInput.swift; sourceTree = "<group>"; };
		5358595F2AA5206B008AE97C /* AddAccountOutput.swift */ = {isa = PBXFileReference; lastKnownFileType = sourcecode.swift; path = AddAccountOutput.swift; sourceTree = "<group>"; };
		535859822AA52202008AE97C /* Application.framework */ = {isa = PBXFileReference; explicitFileType = wrapper.framework; includeInIndex = 0; path = Application.framework; sourceTree = BUILT_PRODUCTS_DIR; };
		5358598E2AA52203008AE97C /* RemoteAddAccountUseCaseTests.swift */ = {isa = PBXFileReference; lastKnownFileType = sourcecode.swift; path = RemoteAddAccountUseCaseTests.swift; sourceTree = "<group>"; };
		535859A02AA548F9008AE97C /* DTOProtocol.swift */ = {isa = PBXFileReference; lastKnownFileType = sourcecode.swift; path = DTOProtocol.swift; sourceTree = "<group>"; };
		535859A32AA54AB0008AE97C /* RemoteAddAccountUseCase.swift */ = {isa = PBXFileReference; lastKnownFileType = sourcecode.swift; path = RemoteAddAccountUseCase.swift; sourceTree = "<group>"; };
		535859A62AA54B26008AE97C /* HttpPostClientProtocol.swift */ = {isa = PBXFileReference; lastKnownFileType = sourcecode.swift; path = HttpPostClientProtocol.swift; sourceTree = "<group>"; };
		535859AA2AA55549008AE97C /* DomainError.swift */ = {isa = PBXFileReference; lastKnownFileType = sourcecode.swift; path = DomainError.swift; sourceTree = "<group>"; };
		535859AD2AA566FF008AE97C /* HttpError.swift */ = {isa = PBXFileReference; lastKnownFileType = sourcecode.swift; path = HttpError.swift; sourceTree = "<group>"; };
		536037D92AA6774900004917 /* DomainExtensions.swift */ = {isa = PBXFileReference; lastKnownFileType = sourcecode.swift; path = DomainExtensions.swift; sourceTree = "<group>"; };
		536037DC2AA6969300004917 /* XCTestCaseExtensions.swift */ = {isa = PBXFileReference; lastKnownFileType = sourcecode.swift; path = XCTestCaseExtensions.swift; sourceTree = "<group>"; };
		536037DF2AA6B17700004917 /* Fakes.swift */ = {isa = PBXFileReference; lastKnownFileType = sourcecode.swift; path = Fakes.swift; sourceTree = "<group>"; };
		536037E12AA6B1BB00004917 /* HttpClientSpy.swift */ = {isa = PBXFileReference; lastKnownFileType = sourcecode.swift; path = HttpClientSpy.swift; sourceTree = "<group>"; };
		536037E32AA6B2DE00004917 /* RemoteAddAccountUseCaseTestsExtensions.swift */ = {isa = PBXFileReference; lastKnownFileType = sourcecode.swift; path = RemoteAddAccountUseCaseTestsExtensions.swift; sourceTree = "<group>"; };
		5368021B2AAA81820003EC62 /* AlertView.swift */ = {isa = PBXFileReference; lastKnownFileType = sourcecode.swift; path = AlertView.swift; sourceTree = "<group>"; };
		5368021D2AAA81F70003EC62 /* ValidationProtocol.swift */ = {isa = PBXFileReference; lastKnownFileType = sourcecode.swift; path = ValidationProtocol.swift; sourceTree = "<group>"; };
		53A449F82A990C8D007DF156 /* Domain.framework */ = {isa = PBXFileReference; explicitFileType = wrapper.framework; includeInIndex = 0; path = Domain.framework; sourceTree = BUILT_PRODUCTS_DIR; };
		53A449FF2A991012007DF156 /* AddAccountProtocol.swift */ = {isa = PBXFileReference; lastKnownFileType = sourcecode.swift; path = AddAccountProtocol.swift; sourceTree = "<group>"; };
		53CAF4012AA8DC2D00C293D6 /* ApplicationTests.xctest */ = {isa = PBXFileReference; explicitFileType = wrapper.cfbundle; includeInIndex = 0; path = ApplicationTests.xctest; sourceTree = BUILT_PRODUCTS_DIR; };
		53CAF4152AA8DCA000C293D6 /* InfraTests.xctest */ = {isa = PBXFileReference; explicitFileType = wrapper.cfbundle; includeInIndex = 0; path = InfraTests.xctest; sourceTree = BUILT_PRODUCTS_DIR; };
		53CAF4252AA8E19C00C293D6 /* CI.xctestplan */ = {isa = PBXFileReference; lastKnownFileType = text; name = CI.xctestplan; path = Tests/CI.xctestplan; sourceTree = SOURCE_ROOT; };
		53CAF42A2AA8E97400C293D6 /* UseCasesIntegrationTests.xctest */ = {isa = PBXFileReference; explicitFileType = wrapper.cfbundle; includeInIndex = 0; path = UseCasesIntegrationTests.xctest; sourceTree = BUILT_PRODUCTS_DIR; };
		53CAF42C2AA8E97400C293D6 /* UseCasesIntegrationTests.swift */ = {isa = PBXFileReference; lastKnownFileType = sourcecode.swift; path = UseCasesIntegrationTests.swift; sourceTree = "<group>"; };
/* End PBXFileReference section */

/* Begin PBXFrameworksBuildPhase section */
		531132952AA7907600F4B101 /* Frameworks */ = {
			isa = PBXFrameworksBuildPhase;
			buildActionMask = 2147483647;
			files = (
				531132AD2AA7908A00F4B101 /* Application.framework in Frameworks */,
				531132BC2AA7942D00F4B101 /* Alamofire in Frameworks */,
			);
			runOnlyForDeploymentPostprocessing = 0;
		};
		53539AD72AAA43E100973A35 /* Frameworks */ = {
			isa = PBXFrameworksBuildPhase;
			buildActionMask = 2147483647;
			files = (
				53539AFA2AAA502800973A35 /* Domain.framework in Frameworks */,
			);
			runOnlyForDeploymentPostprocessing = 0;
		};
		53539ADE2AAA43E100973A35 /* Frameworks */ = {
			isa = PBXFrameworksBuildPhase;
			buildActionMask = 2147483647;
			files = (
				53539AE22AAA43E100973A35 /* UI.framework in Frameworks */,
			);
			runOnlyForDeploymentPostprocessing = 0;
		};
		5358597F2AA52202008AE97C /* Frameworks */ = {
			isa = PBXFrameworksBuildPhase;
			buildActionMask = 2147483647;
			files = (
				535859982AA523B1008AE97C /* Domain.framework in Frameworks */,
			);
			runOnlyForDeploymentPostprocessing = 0;
		};
		53A449F52A990C8D007DF156 /* Frameworks */ = {
			isa = PBXFrameworksBuildPhase;
			buildActionMask = 2147483647;
			files = (
				531132BA2AA7940F00F4B101 /* Alamofire in Frameworks */,
			);
			runOnlyForDeploymentPostprocessing = 0;
		};
		53CAF3FE2AA8DC2D00C293D6 /* Frameworks */ = {
			isa = PBXFrameworksBuildPhase;
			buildActionMask = 2147483647;
			files = (
				53CAF4052AA8DC2D00C293D6 /* Application.framework in Frameworks */,
			);
			runOnlyForDeploymentPostprocessing = 0;
		};
		53CAF4122AA8DCA000C293D6 /* Frameworks */ = {
			isa = PBXFrameworksBuildPhase;
			buildActionMask = 2147483647;
			files = (
				53CAF4192AA8DCA000C293D6 /* Infra.framework in Frameworks */,
			);
			runOnlyForDeploymentPostprocessing = 0;
		};
		53CAF4272AA8E97400C293D6 /* Frameworks */ = {
			isa = PBXFrameworksBuildPhase;
			buildActionMask = 2147483647;
			files = (
				53CAF42E2AA8E97400C293D6 /* Application.framework in Frameworks */,
			);
			runOnlyForDeploymentPostprocessing = 0;
		};
/* End PBXFrameworksBuildPhase section */

/* Begin PBXGroup section */
		531132992AA7907600F4B101 /* Infra */ = {
			isa = PBXGroup;
			children = (
				53414E8C2AA8217A005E01DD /* Extensions */,
				53414E8D2AA82198005E01DD /* AlamofireAdapter.swift */,
			);
			path = Infra;
			sourceTree = "<group>";
		};
		531132A32AA7907700F4B101 /* InfraTests */ = {
			isa = PBXGroup;
			children = (
				531132C02AA7E95000F4B101 /* Helpers */,
				531132BD2AA7E8FF00F4B101 /* Extensions */,
				531132A42AA7907700F4B101 /* AlamofireAdapterTests.swift */,
				53CAF4252AA8E19C00C293D6 /* CI.xctestplan */,
			);
			path = InfraTests;
			sourceTree = "<group>";
		};
		531132B32AA7921100F4B101 /* Tests */ = {
			isa = PBXGroup;
			children = (
				531132B42AA7924B00F4B101 /* Common */,
				53539AE52AAA43E100973A35 /* UITests */,
				5358598D2AA52203008AE97C /* ApplicationTests */,
				531132A32AA7907700F4B101 /* InfraTests */,
				53CAF42B2AA8E97400C293D6 /* UseCasesIntegrationTests */,
			);
			path = Tests;
			sourceTree = "<group>";
		};
		531132B42AA7924B00F4B101 /* Common */ = {
			isa = PBXGroup;
			children = (
				531132B62AA7926F00F4B101 /* Extensions */,
				531132B52AA7926200F4B101 /* Helpers */,
			);
			path = Common;
			sourceTree = "<group>";
		};
		531132B52AA7926200F4B101 /* Helpers */ = {
			isa = PBXGroup;
			children = (
				531132C12AA7E96100F4B101 /* UrlProtocolStub.swift */,
				536037DF2AA6B17700004917 /* Fakes.swift */,
			);
			path = Helpers;
			sourceTree = "<group>";
		};
		531132B62AA7926F00F4B101 /* Extensions */ = {
			isa = PBXGroup;
			children = (
				536037DC2AA6969300004917 /* XCTestCaseExtensions.swift */,
			);
			path = Extensions;
			sourceTree = "<group>";
		};
		531132BD2AA7E8FF00F4B101 /* Extensions */ = {
			isa = PBXGroup;
			children = (
				531132BE2AA7E92000F4B101 /* AlamofireAdapterTestsExtension.swift */,
			);
			path = Extensions;
			sourceTree = "<group>";
		};
		531132C02AA7E95000F4B101 /* Helpers */ = {
			isa = PBXGroup;
			children = (
			);
			path = Helpers;
			sourceTree = "<group>";
		};
		53414E8C2AA8217A005E01DD /* Extensions */ = {
			isa = PBXGroup;
			children = (
				531132C52AA7F38400F4B101 /* AlamofireAdapterExtensions.swift */,
			);
			path = Extensions;
			sourceTree = "<group>";
		};
		53539ADB2AAA43E100973A35 /* UI */ = {
			isa = PBXGroup;
			children = (
				53539AFF2AAA53FC00973A35 /* Components */,
				53539AF22AAA4A1F00973A35 /* SignUpViewController.swift */,
				53539AF82AAA4C5C00973A35 /* SignUp.storyboard */,
			);
			path = UI;
			sourceTree = "<group>";
		};
		53539AE52AAA43E100973A35 /* UITests */ = {
			isa = PBXGroup;
			children = (
				5368021F2AAA88D60003EC62 /* Extensions */,
				53539AE62AAA43E100973A35 /* SignUpViewControllerTests.swift */,
			);
			path = UITests;
			sourceTree = "<group>";
		};
		53539AFF2AAA53FC00973A35 /* Components */ = {
			isa = PBXGroup;
			children = (
				53539B002AAA540F00973A35 /* LoadingView.swift */,
				5368021B2AAA81820003EC62 /* AlertView.swift */,
				5368021D2AAA81F70003EC62 /* ValidationProtocol.swift */,
			);
			path = Components;
			sourceTree = "<group>";
		};
		5358595C2AA5203B008AE97C /* AddAccount */ = {
			isa = PBXGroup;
			children = (
				53A449FF2A991012007DF156 /* AddAccountProtocol.swift */,
				5358595D2AA52058008AE97C /* AddAccountInput.swift */,
				5358595F2AA5206B008AE97C /* AddAccountOutput.swift */,
			);
			path = AddAccount;
			sourceTree = "<group>";
		};
		535859832AA52202008AE97C /* Application */ = {
			isa = PBXGroup;
			children = (
				535859AC2AA566E0008AE97C /* Errors */,
				535859A52AA54B12008AE97C /* Protocols */,
				535859A22AA54A91008AE97C /* UseCases */,
			);
			path = Application;
			sourceTree = "<group>";
		};
		5358598D2AA52203008AE97C /* ApplicationTests */ = {
			isa = PBXGroup;
			children = (
				536037DE2AA6B13800004917 /* Helpers */,
				536037DB2AA6967200004917 /* Extensions */,
				5358598E2AA52203008AE97C /* RemoteAddAccountUseCaseTests.swift */,
			);
			path = ApplicationTests;
			sourceTree = "<group>";
		};
		535859972AA523B1008AE97C /* Frameworks */ = {
			isa = PBXGroup;
			children = (
			);
			name = Frameworks;
			sourceTree = "<group>";
		};
		5358599F2AA548CE008AE97C /* Aggregators */ = {
			isa = PBXGroup;
			children = (
				535859A02AA548F9008AE97C /* DTOProtocol.swift */,
			);
			path = Aggregators;
			sourceTree = "<group>";
		};
		535859A22AA54A91008AE97C /* UseCases */ = {
			isa = PBXGroup;
			children = (
				535859A32AA54AB0008AE97C /* RemoteAddAccountUseCase.swift */,
			);
			path = UseCases;
			sourceTree = "<group>";
		};
		535859A52AA54B12008AE97C /* Protocols */ = {
			isa = PBXGroup;
			children = (
				535859A62AA54B26008AE97C /* HttpPostClientProtocol.swift */,
			);
			path = Protocols;
			sourceTree = "<group>";
		};
		535859A82AA54C25008AE97C /* UseCases */ = {
			isa = PBXGroup;
			children = (
				5358595C2AA5203B008AE97C /* AddAccount */,
			);
			path = UseCases;
			sourceTree = "<group>";
		};
		535859A92AA55538008AE97C /* Errors */ = {
			isa = PBXGroup;
			children = (
				535859AA2AA55549008AE97C /* DomainError.swift */,
			);
			path = Errors;
			sourceTree = "<group>";
		};
		535859AC2AA566E0008AE97C /* Errors */ = {
			isa = PBXGroup;
			children = (
				535859AD2AA566FF008AE97C /* HttpError.swift */,
			);
			path = Errors;
			sourceTree = "<group>";
		};
		536037D82AA6773700004917 /* Extensions */ = {
			isa = PBXGroup;
			children = (
				536037D92AA6774900004917 /* DomainExtensions.swift */,
			);
			path = Extensions;
			sourceTree = "<group>";
		};
		536037DB2AA6967200004917 /* Extensions */ = {
			isa = PBXGroup;
			children = (
				536037E32AA6B2DE00004917 /* RemoteAddAccountUseCaseTestsExtensions.swift */,
			);
			path = Extensions;
			sourceTree = "<group>";
		};
		536037DE2AA6B13800004917 /* Helpers */ = {
			isa = PBXGroup;
			children = (
				536037E12AA6B1BB00004917 /* HttpClientSpy.swift */,
			);
			path = Helpers;
			sourceTree = "<group>";
		};
		5368021F2AAA88D60003EC62 /* Extensions */ = {
			isa = PBXGroup;
			children = (
			);
			path = Extensions;
			sourceTree = "<group>";
		};
		53A449DF2A990B4B007DF156 = {
			isa = PBXGroup;
			children = (
				53A449F92A990C8D007DF156 /* Domain */,
				535859832AA52202008AE97C /* Application */,
				531132992AA7907600F4B101 /* Infra */,
				531132B32AA7921100F4B101 /* Tests */,
				53539ADB2AAA43E100973A35 /* UI */,
				53A449EA2A990B4B007DF156 /* Products */,
				535859972AA523B1008AE97C /* Frameworks */,
			);
			sourceTree = "<group>";
		};
		53A449EA2A990B4B007DF156 /* Products */ = {
			isa = PBXGroup;
			children = (
				53A449F82A990C8D007DF156 /* Domain.framework */,
				535859822AA52202008AE97C /* Application.framework */,
				531132982AA7907600F4B101 /* Infra.framework */,
				53CAF4012AA8DC2D00C293D6 /* ApplicationTests.xctest */,
				53CAF4152AA8DCA000C293D6 /* InfraTests.xctest */,
				53CAF42A2AA8E97400C293D6 /* UseCasesIntegrationTests.xctest */,
				53539ADA2AAA43E100973A35 /* UI.framework */,
				53539AE12AAA43E100973A35 /* UITests.xctest */,
			);
			name = Products;
			sourceTree = "<group>";
		};
		53A449F92A990C8D007DF156 /* Domain */ = {
			isa = PBXGroup;
			children = (
				536037D82AA6773700004917 /* Extensions */,
				535859A92AA55538008AE97C /* Errors */,
				535859A82AA54C25008AE97C /* UseCases */,
				5358599F2AA548CE008AE97C /* Aggregators */,
			);
			path = Domain;
			sourceTree = "<group>";
		};
		53CAF42B2AA8E97400C293D6 /* UseCasesIntegrationTests */ = {
			isa = PBXGroup;
			children = (
				53CAF42C2AA8E97400C293D6 /* UseCasesIntegrationTests.swift */,
			);
			path = UseCasesIntegrationTests;
			sourceTree = "<group>";
		};
/* End PBXGroup section */

/* Begin PBXHeadersBuildPhase section */
		531132932AA7907600F4B101 /* Headers */ = {
			isa = PBXHeadersBuildPhase;
			buildActionMask = 2147483647;
			files = (
			);
			runOnlyForDeploymentPostprocessing = 0;
		};
		53539AD52AAA43E100973A35 /* Headers */ = {
			isa = PBXHeadersBuildPhase;
			buildActionMask = 2147483647;
			files = (
			);
			runOnlyForDeploymentPostprocessing = 0;
		};
		5358597D2AA52202008AE97C /* Headers */ = {
			isa = PBXHeadersBuildPhase;
			buildActionMask = 2147483647;
			files = (
			);
			runOnlyForDeploymentPostprocessing = 0;
		};
		53A449F32A990C8D007DF156 /* Headers */ = {
			isa = PBXHeadersBuildPhase;
			buildActionMask = 2147483647;
			files = (
			);
			runOnlyForDeploymentPostprocessing = 0;
		};
/* End PBXHeadersBuildPhase section */

/* Begin PBXNativeTarget section */
		531132972AA7907600F4B101 /* Infra */ = {
			isa = PBXNativeTarget;
			buildConfigurationList = 531132A72AA7907700F4B101 /* Build configuration list for PBXNativeTarget "Infra" */;
			buildPhases = (
				531132932AA7907600F4B101 /* Headers */,
				531132942AA7907600F4B101 /* Sources */,
				531132952AA7907600F4B101 /* Frameworks */,
				531132962AA7907600F4B101 /* Resources */,
				531132B12AA7908A00F4B101 /* Embed Frameworks */,
			);
			buildRules = (
			);
			dependencies = (
				531132B02AA7908A00F4B101 /* PBXTargetDependency */,
			);
			name = Infra;
			packageProductDependencies = (
				531132BB2AA7942D00F4B101 /* Alamofire */,
			);
			productName = Infra;
			productReference = 531132982AA7907600F4B101 /* Infra.framework */;
			productType = "com.apple.product-type.framework";
		};
		53539AD92AAA43E100973A35 /* UI */ = {
			isa = PBXNativeTarget;
			buildConfigurationList = 53539AE92AAA43E100973A35 /* Build configuration list for PBXNativeTarget "UI" */;
			buildPhases = (
				53539AD52AAA43E100973A35 /* Headers */,
				53539AD62AAA43E100973A35 /* Sources */,
				53539AD72AAA43E100973A35 /* Frameworks */,
				53539AD82AAA43E100973A35 /* Resources */,
				53539AFE2AAA502800973A35 /* Embed Frameworks */,
			);
			buildRules = (
			);
			dependencies = (
				53539AFD2AAA502800973A35 /* PBXTargetDependency */,
			);
			name = UI;
			productName = UI;
			productReference = 53539ADA2AAA43E100973A35 /* UI.framework */;
			productType = "com.apple.product-type.framework";
		};
		53539AE02AAA43E100973A35 /* UITests */ = {
			isa = PBXNativeTarget;
			buildConfigurationList = 53539AEC2AAA43E100973A35 /* Build configuration list for PBXNativeTarget "UITests" */;
			buildPhases = (
				53539ADD2AAA43E100973A35 /* Sources */,
				53539ADE2AAA43E100973A35 /* Frameworks */,
				53539ADF2AAA43E100973A35 /* Resources */,
			);
			buildRules = (
			);
			dependencies = (
				53539AE42AAA43E100973A35 /* PBXTargetDependency */,
			);
			name = UITests;
			productName = UITests;
			productReference = 53539AE12AAA43E100973A35 /* UITests.xctest */;
			productType = "com.apple.product-type.bundle.unit-test";
		};
		535859812AA52202008AE97C /* Application */ = {
			isa = PBXNativeTarget;
			buildConfigurationList = 535859912AA52203008AE97C /* Build configuration list for PBXNativeTarget "Application" */;
			buildPhases = (
				5358597D2AA52202008AE97C /* Headers */,
				5358597E2AA52202008AE97C /* Sources */,
				5358597F2AA52202008AE97C /* Frameworks */,
				535859802AA52202008AE97C /* Resources */,
				5358599C2AA523B1008AE97C /* Embed Frameworks */,
			);
			buildRules = (
			);
			dependencies = (
				5358599B2AA523B1008AE97C /* PBXTargetDependency */,
			);
			name = Application;
			productName = Application;
			productReference = 535859822AA52202008AE97C /* Application.framework */;
			productType = "com.apple.product-type.framework";
		};
		53A449F72A990C8D007DF156 /* Domain */ = {
			isa = PBXNativeTarget;
			buildConfigurationList = 53A449FC2A990C8D007DF156 /* Build configuration list for PBXNativeTarget "Domain" */;
			buildPhases = (
				53A449F32A990C8D007DF156 /* Headers */,
				53A449F42A990C8D007DF156 /* Sources */,
				53A449F52A990C8D007DF156 /* Frameworks */,
				53A449F62A990C8D007DF156 /* Resources */,
			);
			buildRules = (
			);
			dependencies = (
			);
			name = Domain;
			packageProductDependencies = (
				531132B92AA7940F00F4B101 /* Alamofire */,
			);
			productName = Domain;
			productReference = 53A449F82A990C8D007DF156 /* Domain.framework */;
			productType = "com.apple.product-type.framework";
		};
		53CAF4002AA8DC2D00C293D6 /* ApplicationTests */ = {
			isa = PBXNativeTarget;
			buildConfigurationList = 53CAF40A2AA8DC2D00C293D6 /* Build configuration list for PBXNativeTarget "ApplicationTests" */;
			buildPhases = (
				53CAF3FD2AA8DC2D00C293D6 /* Sources */,
				53CAF3FE2AA8DC2D00C293D6 /* Frameworks */,
				53CAF3FF2AA8DC2D00C293D6 /* Resources */,
			);
			buildRules = (
			);
			dependencies = (
				53CAF4072AA8DC2D00C293D6 /* PBXTargetDependency */,
			);
			name = ApplicationTests;
			productName = ApplicationTests;
			productReference = 53CAF4012AA8DC2D00C293D6 /* ApplicationTests.xctest */;
			productType = "com.apple.product-type.bundle.unit-test";
		};
		53CAF4142AA8DCA000C293D6 /* InfraTests */ = {
			isa = PBXNativeTarget;
			buildConfigurationList = 53CAF41C2AA8DCA000C293D6 /* Build configuration list for PBXNativeTarget "InfraTests" */;
			buildPhases = (
				53CAF4112AA8DCA000C293D6 /* Sources */,
				53CAF4122AA8DCA000C293D6 /* Frameworks */,
				53CAF4132AA8DCA000C293D6 /* Resources */,
			);
			buildRules = (
			);
			dependencies = (
				53CAF41B2AA8DCA000C293D6 /* PBXTargetDependency */,
			);
			name = InfraTests;
			productName = InfraTests;
			productReference = 53CAF4152AA8DCA000C293D6 /* InfraTests.xctest */;
			productType = "com.apple.product-type.bundle.unit-test";
		};
		53CAF4292AA8E97400C293D6 /* UseCasesIntegrationTests */ = {
			isa = PBXNativeTarget;
			buildConfigurationList = 53CAF4312AA8E97400C293D6 /* Build configuration list for PBXNativeTarget "UseCasesIntegrationTests" */;
			buildPhases = (
				53CAF4262AA8E97400C293D6 /* Sources */,
				53CAF4272AA8E97400C293D6 /* Frameworks */,
				53CAF4282AA8E97400C293D6 /* Resources */,
			);
			buildRules = (
			);
			dependencies = (
				53CAF4352AA8E98C00C293D6 /* PBXTargetDependency */,
				53CAF4372AA8E98C00C293D6 /* PBXTargetDependency */,
				53CAF4302AA8E97400C293D6 /* PBXTargetDependency */,
			);
			name = UseCasesIntegrationTests;
			productName = UseCasesIntegrationTests;
			productReference = 53CAF42A2AA8E97400C293D6 /* UseCasesIntegrationTests.xctest */;
			productType = "com.apple.product-type.bundle.unit-test";
		};
/* End PBXNativeTarget section */

/* Begin PBXProject section */
		53A449E02A990B4B007DF156 /* Project object */ = {
			isa = PBXProject;
			attributes = {
				BuildIndependentTargetsInParallel = 1;
				LastSwiftUpdateCheck = 1430;
				LastUpgradeCheck = 1430;
				TargetAttributes = {
					531132972AA7907600F4B101 = {
						CreatedOnToolsVersion = 14.3.1;
						LastSwiftMigration = 1430;
					};
					53539AD92AAA43E100973A35 = {
						CreatedOnToolsVersion = 14.3.1;
						LastSwiftMigration = 1430;
					};
					53539AE02AAA43E100973A35 = {
						CreatedOnToolsVersion = 14.3.1;
					};
					535859812AA52202008AE97C = {
						CreatedOnToolsVersion = 14.3.1;
						LastSwiftMigration = 1430;
					};
					53A449F72A990C8D007DF156 = {
						CreatedOnToolsVersion = 14.3.1;
						LastSwiftMigration = 1430;
					};
					53CAF4002AA8DC2D00C293D6 = {
						CreatedOnToolsVersion = 14.3.1;
					};
					53CAF4142AA8DCA000C293D6 = {
						CreatedOnToolsVersion = 14.3.1;
					};
					53CAF4292AA8E97400C293D6 = {
						CreatedOnToolsVersion = 14.3.1;
					};
				};
			};
			buildConfigurationList = 53A449E32A990B4B007DF156 /* Build configuration list for PBXProject "mango_treinamento" */;
			compatibilityVersion = "Xcode 14.0";
			developmentRegion = en;
			hasScannedForEncodings = 0;
			knownRegions = (
				en,
				Base,
			);
			mainGroup = 53A449DF2A990B4B007DF156;
			packageReferences = (
				531132B82AA7940F00F4B101 /* XCRemoteSwiftPackageReference "Alamofire" */,
			);
			productRefGroup = 53A449EA2A990B4B007DF156 /* Products */;
			projectDirPath = "";
			projectRoot = "";
			targets = (
				53A449F72A990C8D007DF156 /* Domain */,
				535859812AA52202008AE97C /* Application */,
				531132972AA7907600F4B101 /* Infra */,
				53CAF4002AA8DC2D00C293D6 /* ApplicationTests */,
				53CAF4142AA8DCA000C293D6 /* InfraTests */,
				53CAF4292AA8E97400C293D6 /* UseCasesIntegrationTests */,
				53539AD92AAA43E100973A35 /* UI */,
				53539AE02AAA43E100973A35 /* UITests */,
			);
		};
/* End PBXProject section */

/* Begin PBXResourcesBuildPhase section */
		531132962AA7907600F4B101 /* Resources */ = {
			isa = PBXResourcesBuildPhase;
			buildActionMask = 2147483647;
			files = (
			);
			runOnlyForDeploymentPostprocessing = 0;
		};
		53539AD82AAA43E100973A35 /* Resources */ = {
			isa = PBXResourcesBuildPhase;
			buildActionMask = 2147483647;
			files = (
				53539AF92AAA4C5C00973A35 /* SignUp.storyboard in Resources */,
			);
			runOnlyForDeploymentPostprocessing = 0;
		};
		53539ADF2AAA43E100973A35 /* Resources */ = {
			isa = PBXResourcesBuildPhase;
			buildActionMask = 2147483647;
			files = (
			);
			runOnlyForDeploymentPostprocessing = 0;
		};
		535859802AA52202008AE97C /* Resources */ = {
			isa = PBXResourcesBuildPhase;
			buildActionMask = 2147483647;
			files = (
			);
			runOnlyForDeploymentPostprocessing = 0;
		};
		53A449F62A990C8D007DF156 /* Resources */ = {
			isa = PBXResourcesBuildPhase;
			buildActionMask = 2147483647;
			files = (
			);
			runOnlyForDeploymentPostprocessing = 0;
		};
		53CAF3FF2AA8DC2D00C293D6 /* Resources */ = {
			isa = PBXResourcesBuildPhase;
			buildActionMask = 2147483647;
			files = (
			);
			runOnlyForDeploymentPostprocessing = 0;
		};
		53CAF4132AA8DCA000C293D6 /* Resources */ = {
			isa = PBXResourcesBuildPhase;
			buildActionMask = 2147483647;
			files = (
			);
			runOnlyForDeploymentPostprocessing = 0;
		};
		53CAF4282AA8E97400C293D6 /* Resources */ = {
			isa = PBXResourcesBuildPhase;
			buildActionMask = 2147483647;
			files = (
			);
			runOnlyForDeploymentPostprocessing = 0;
		};
/* End PBXResourcesBuildPhase section */

/* Begin PBXSourcesBuildPhase section */
		531132942AA7907600F4B101 /* Sources */ = {
			isa = PBXSourcesBuildPhase;
			buildActionMask = 2147483647;
			files = (
				53414E8E2AA82198005E01DD /* AlamofireAdapter.swift in Sources */,
				531132C62AA7F38400F4B101 /* AlamofireAdapterExtensions.swift in Sources */,
			);
			runOnlyForDeploymentPostprocessing = 0;
		};
		53539AD62AAA43E100973A35 /* Sources */ = {
			isa = PBXSourcesBuildPhase;
			buildActionMask = 2147483647;
			files = (
				5368021E2AAA81F70003EC62 /* ValidationProtocol.swift in Sources */,
				53539AF32AAA4A1F00973A35 /* SignUpViewController.swift in Sources */,
				53539B012AAA540F00973A35 /* LoadingView.swift in Sources */,
				5368021C2AAA81820003EC62 /* AlertView.swift in Sources */,
			);
			runOnlyForDeploymentPostprocessing = 0;
		};
		53539ADD2AAA43E100973A35 /* Sources */ = {
			isa = PBXSourcesBuildPhase;
			buildActionMask = 2147483647;
			files = (
				53539AF12AAA440900973A35 /* XCTestCaseExtensions.swift in Sources */,
				53539AE72AAA43E100973A35 /* SignUpViewControllerTests.swift in Sources */,
				53539AEF2AAA440900973A35 /* UrlProtocolStub.swift in Sources */,
				53539AF02AAA440900973A35 /* Fakes.swift in Sources */,
			);
			runOnlyForDeploymentPostprocessing = 0;
		};
		5358597E2AA52202008AE97C /* Sources */ = {
			isa = PBXSourcesBuildPhase;
			buildActionMask = 2147483647;
			files = (
				535859A72AA54B26008AE97C /* HttpPostClientProtocol.swift in Sources */,
				535859AE2AA566FF008AE97C /* HttpError.swift in Sources */,
				535859A42AA54AB0008AE97C /* RemoteAddAccountUseCase.swift in Sources */,
			);
			runOnlyForDeploymentPostprocessing = 0;
		};
		53A449F42A990C8D007DF156 /* Sources */ = {
			isa = PBXSourcesBuildPhase;
			buildActionMask = 2147483647;
			files = (
				535859AB2AA55549008AE97C /* DomainError.swift in Sources */,
				536037DA2AA6774900004917 /* DomainExtensions.swift in Sources */,
				5358595E2AA52058008AE97C /* AddAccountInput.swift in Sources */,
				53A44A002A991012007DF156 /* AddAccountProtocol.swift in Sources */,
				535859602AA5206B008AE97C /* AddAccountOutput.swift in Sources */,
				535859A12AA548F9008AE97C /* DTOProtocol.swift in Sources */,
			);
			runOnlyForDeploymentPostprocessing = 0;
		};
		53CAF3FD2AA8DC2D00C293D6 /* Sources */ = {
			isa = PBXSourcesBuildPhase;
			buildActionMask = 2147483647;
			files = (
				53CAF40E2AA8DC6D00C293D6 /* XCTestCaseExtensions.swift in Sources */,
				53CAF40C2AA8DC6100C293D6 /* RemoteAddAccountUseCaseTests.swift in Sources */,
				53CAF40D2AA8DC6700C293D6 /* HttpClientSpy.swift in Sources */,
				53CAF4102AA8DC7100C293D6 /* Fakes.swift in Sources */,
				53CAF40F2AA8DC6F00C293D6 /* UrlProtocolStub.swift in Sources */,
				53CAF40B2AA8DC5F00C293D6 /* RemoteAddAccountUseCaseTestsExtensions.swift in Sources */,
			);
			runOnlyForDeploymentPostprocessing = 0;
		};
		53CAF4112AA8DCA000C293D6 /* Sources */ = {
			isa = PBXSourcesBuildPhase;
			buildActionMask = 2147483647;
			files = (
				53CAF4242AA8DCB600C293D6 /* XCTestCaseExtensions.swift in Sources */,
				53CAF4212AA8DCAF00C293D6 /* AlamofireAdapterTests.swift in Sources */,
				53CAF4232AA8DCB400C293D6 /* Fakes.swift in Sources */,
				53CAF4202AA8DCAC00C293D6 /* AlamofireAdapterTestsExtension.swift in Sources */,
				53CAF4222AA8DCB400C293D6 /* UrlProtocolStub.swift in Sources */,
			);
			runOnlyForDeploymentPostprocessing = 0;
		};
		53CAF4262AA8E97400C293D6 /* Sources */ = {
			isa = PBXSourcesBuildPhase;
			buildActionMask = 2147483647;
			files = (
				53CAF43B2AA8ECD300C293D6 /* Fakes.swift in Sources */,
				53CAF43A2AA8ECD300C293D6 /* UrlProtocolStub.swift in Sources */,
				53CAF4392AA8ECCE00C293D6 /* XCTestCaseExtensions.swift in Sources */,
				53CAF42D2AA8E97400C293D6 /* UseCasesIntegrationTests.swift in Sources */,
			);
			runOnlyForDeploymentPostprocessing = 0;
		};
/* End PBXSourcesBuildPhase section */

/* Begin PBXTargetDependency section */
		531132B02AA7908A00F4B101 /* PBXTargetDependency */ = {
			isa = PBXTargetDependency;
			target = 535859812AA52202008AE97C /* Application */;
			targetProxy = 531132AF2AA7908A00F4B101 /* PBXContainerItemProxy */;
		};
		53539AE42AAA43E100973A35 /* PBXTargetDependency */ = {
			isa = PBXTargetDependency;
			target = 53539AD92AAA43E100973A35 /* UI */;
			targetProxy = 53539AE32AAA43E100973A35 /* PBXContainerItemProxy */;
		};
		53539AFD2AAA502800973A35 /* PBXTargetDependency */ = {
			isa = PBXTargetDependency;
			target = 53A449F72A990C8D007DF156 /* Domain */;
			targetProxy = 53539AFC2AAA502800973A35 /* PBXContainerItemProxy */;
		};
		5358599B2AA523B1008AE97C /* PBXTargetDependency */ = {
			isa = PBXTargetDependency;
			target = 53A449F72A990C8D007DF156 /* Domain */;
			targetProxy = 5358599A2AA523B1008AE97C /* PBXContainerItemProxy */;
		};
		53CAF4072AA8DC2D00C293D6 /* PBXTargetDependency */ = {
			isa = PBXTargetDependency;
			target = 535859812AA52202008AE97C /* Application */;
			targetProxy = 53CAF4062AA8DC2D00C293D6 /* PBXContainerItemProxy */;
		};
		53CAF41B2AA8DCA000C293D6 /* PBXTargetDependency */ = {
			isa = PBXTargetDependency;
			target = 531132972AA7907600F4B101 /* Infra */;
			targetProxy = 53CAF41A2AA8DCA000C293D6 /* PBXContainerItemProxy */;
		};
		53CAF4302AA8E97400C293D6 /* PBXTargetDependency */ = {
			isa = PBXTargetDependency;
			target = 535859812AA52202008AE97C /* Application */;
			targetProxy = 53CAF42F2AA8E97400C293D6 /* PBXContainerItemProxy */;
		};
		53CAF4352AA8E98C00C293D6 /* PBXTargetDependency */ = {
			isa = PBXTargetDependency;
			target = 53A449F72A990C8D007DF156 /* Domain */;
			targetProxy = 53CAF4342AA8E98C00C293D6 /* PBXContainerItemProxy */;
		};
		53CAF4372AA8E98C00C293D6 /* PBXTargetDependency */ = {
			isa = PBXTargetDependency;
			target = 531132972AA7907600F4B101 /* Infra */;
			targetProxy = 53CAF4362AA8E98C00C293D6 /* PBXContainerItemProxy */;
		};
/* End PBXTargetDependency section */

/* Begin XCBuildConfiguration section */
		531132A82AA7907700F4B101 /* Debug */ = {
			isa = XCBuildConfiguration;
			buildSettings = {
				CLANG_ENABLE_MODULES = YES;
				CODE_SIGN_STYLE = Automatic;
				COMBINE_HIDPI_IMAGES = YES;
				CURRENT_PROJECT_VERSION = 1;
				DEFINES_MODULE = YES;
				DEVELOPMENT_TEAM = 47K5ANA66W;
				DYLIB_COMPATIBILITY_VERSION = 1;
				DYLIB_CURRENT_VERSION = 1;
				DYLIB_INSTALL_NAME_BASE = "@rpath";
				ENABLE_MODULE_VERIFIER = YES;
				GENERATE_INFOPLIST_FILE = YES;
				INFOPLIST_KEY_NSHumanReadableCopyright = "";
				INSTALL_PATH = "$(LOCAL_LIBRARY_DIR)/Frameworks";
				LD_RUNPATH_SEARCH_PATHS = (
					"$(inherited)",
					"@executable_path/../Frameworks",
					"@loader_path/Frameworks",
				);
				MACOSX_DEPLOYMENT_TARGET = 13.3;
				MARKETING_VERSION = 1.0;
				MODULE_VERIFIER_SUPPORTED_LANGUAGES = "objective-c objective-c++";
				MODULE_VERIFIER_SUPPORTED_LANGUAGE_STANDARDS = "gnu11 gnu++20";
				PRODUCT_BUNDLE_IDENTIFIER = com.training.Infra;
				PRODUCT_NAME = "$(TARGET_NAME:c99extidentifier)";
				SDKROOT = macosx;
				SKIP_INSTALL = YES;
				SUPPORTED_PLATFORMS = "iphoneos iphonesimulator macosx";
				SUPPORTS_MACCATALYST = NO;
				SUPPORTS_MAC_DESIGNED_FOR_IPHONE_IPAD = NO;
				SWIFT_EMIT_LOC_STRINGS = YES;
				SWIFT_OPTIMIZATION_LEVEL = "-Onone";
				SWIFT_VERSION = 5.0;
				TARGETED_DEVICE_FAMILY = 1;
			};
			name = Debug;
		};
		531132A92AA7907700F4B101 /* Release */ = {
			isa = XCBuildConfiguration;
			buildSettings = {
				CLANG_ENABLE_MODULES = YES;
				CODE_SIGN_STYLE = Automatic;
				COMBINE_HIDPI_IMAGES = YES;
				CURRENT_PROJECT_VERSION = 1;
				DEFINES_MODULE = YES;
				DEVELOPMENT_TEAM = 47K5ANA66W;
				DYLIB_COMPATIBILITY_VERSION = 1;
				DYLIB_CURRENT_VERSION = 1;
				DYLIB_INSTALL_NAME_BASE = "@rpath";
				ENABLE_MODULE_VERIFIER = YES;
				GENERATE_INFOPLIST_FILE = YES;
				INFOPLIST_KEY_NSHumanReadableCopyright = "";
				INSTALL_PATH = "$(LOCAL_LIBRARY_DIR)/Frameworks";
				LD_RUNPATH_SEARCH_PATHS = (
					"$(inherited)",
					"@executable_path/../Frameworks",
					"@loader_path/Frameworks",
				);
				MACOSX_DEPLOYMENT_TARGET = 13.3;
				MARKETING_VERSION = 1.0;
				MODULE_VERIFIER_SUPPORTED_LANGUAGES = "objective-c objective-c++";
				MODULE_VERIFIER_SUPPORTED_LANGUAGE_STANDARDS = "gnu11 gnu++20";
				PRODUCT_BUNDLE_IDENTIFIER = com.training.Infra;
				PRODUCT_NAME = "$(TARGET_NAME:c99extidentifier)";
				SDKROOT = macosx;
				SKIP_INSTALL = YES;
				SUPPORTED_PLATFORMS = "iphoneos iphonesimulator macosx";
				SUPPORTS_MACCATALYST = NO;
				SUPPORTS_MAC_DESIGNED_FOR_IPHONE_IPAD = NO;
				SWIFT_EMIT_LOC_STRINGS = YES;
				SWIFT_VERSION = 5.0;
				TARGETED_DEVICE_FAMILY = 1;
			};
			name = Release;
		};
		53539AEA2AAA43E100973A35 /* Debug */ = {
			isa = XCBuildConfiguration;
			buildSettings = {
				CLANG_ENABLE_MODULES = YES;
				CODE_SIGN_STYLE = Automatic;
				COMBINE_HIDPI_IMAGES = YES;
				CURRENT_PROJECT_VERSION = 1;
				DEFINES_MODULE = YES;
				DEVELOPMENT_TEAM = 47K5ANA66W;
				DYLIB_COMPATIBILITY_VERSION = 1;
				DYLIB_CURRENT_VERSION = 1;
				DYLIB_INSTALL_NAME_BASE = "@rpath";
				ENABLE_MODULE_VERIFIER = YES;
				GENERATE_INFOPLIST_FILE = YES;
				INFOPLIST_KEY_NSHumanReadableCopyright = "";
				INSTALL_PATH = "$(LOCAL_LIBRARY_DIR)/Frameworks";
				LD_RUNPATH_SEARCH_PATHS = (
					"$(inherited)",
					"@executable_path/../Frameworks",
					"@loader_path/Frameworks",
				);
				MACOSX_DEPLOYMENT_TARGET = 13.3;
				MARKETING_VERSION = 1.0;
				MODULE_VERIFIER_SUPPORTED_LANGUAGES = "objective-c objective-c++";
				MODULE_VERIFIER_SUPPORTED_LANGUAGE_STANDARDS = "gnu11 gnu++20";
				PRODUCT_BUNDLE_IDENTIFIER = com.training.UI;
				PRODUCT_NAME = "$(TARGET_NAME:c99extidentifier)";
				SDKROOT = macosx;
				SKIP_INSTALL = YES;
				SUPPORTED_PLATFORMS = "iphoneos iphonesimulator macosx";
				SUPPORTS_MACCATALYST = NO;
				SUPPORTS_MAC_DESIGNED_FOR_IPHONE_IPAD = NO;
				SWIFT_EMIT_LOC_STRINGS = YES;
				SWIFT_OPTIMIZATION_LEVEL = "-Onone";
				SWIFT_VERSION = 5.0;
				TARGETED_DEVICE_FAMILY = 1;
			};
			name = Debug;
		};
		53539AEB2AAA43E100973A35 /* Release */ = {
			isa = XCBuildConfiguration;
			buildSettings = {
				CLANG_ENABLE_MODULES = YES;
				CODE_SIGN_STYLE = Automatic;
				COMBINE_HIDPI_IMAGES = YES;
				CURRENT_PROJECT_VERSION = 1;
				DEFINES_MODULE = YES;
				DEVELOPMENT_TEAM = 47K5ANA66W;
				DYLIB_COMPATIBILITY_VERSION = 1;
				DYLIB_CURRENT_VERSION = 1;
				DYLIB_INSTALL_NAME_BASE = "@rpath";
				ENABLE_MODULE_VERIFIER = YES;
				GENERATE_INFOPLIST_FILE = YES;
				INFOPLIST_KEY_NSHumanReadableCopyright = "";
				INSTALL_PATH = "$(LOCAL_LIBRARY_DIR)/Frameworks";
				LD_RUNPATH_SEARCH_PATHS = (
					"$(inherited)",
					"@executable_path/../Frameworks",
					"@loader_path/Frameworks",
				);
				MACOSX_DEPLOYMENT_TARGET = 13.3;
				MARKETING_VERSION = 1.0;
				MODULE_VERIFIER_SUPPORTED_LANGUAGES = "objective-c objective-c++";
				MODULE_VERIFIER_SUPPORTED_LANGUAGE_STANDARDS = "gnu11 gnu++20";
				PRODUCT_BUNDLE_IDENTIFIER = com.training.UI;
				PRODUCT_NAME = "$(TARGET_NAME:c99extidentifier)";
				SDKROOT = macosx;
				SKIP_INSTALL = YES;
				SUPPORTED_PLATFORMS = "iphoneos iphonesimulator macosx";
				SUPPORTS_MACCATALYST = NO;
				SUPPORTS_MAC_DESIGNED_FOR_IPHONE_IPAD = NO;
				SWIFT_EMIT_LOC_STRINGS = YES;
				SWIFT_VERSION = 5.0;
				TARGETED_DEVICE_FAMILY = 1;
			};
			name = Release;
		};
		53539AED2AAA43E100973A35 /* Debug */ = {
			isa = XCBuildConfiguration;
			buildSettings = {
				ALWAYS_EMBED_SWIFT_STANDARD_LIBRARIES = YES;
				CODE_SIGN_STYLE = Automatic;
				CURRENT_PROJECT_VERSION = 1;
				DEVELOPMENT_TEAM = 47K5ANA66W;
				GENERATE_INFOPLIST_FILE = YES;
				MACOSX_DEPLOYMENT_TARGET = 13.3;
				MARKETING_VERSION = 1.0;
				PRODUCT_BUNDLE_IDENTIFIER = com.training.UITests;
				PRODUCT_NAME = "$(TARGET_NAME)";
				SDKROOT = macosx;
				SUPPORTED_PLATFORMS = "iphoneos iphonesimulator macosx";
				SUPPORTS_MACCATALYST = NO;
				SUPPORTS_MAC_DESIGNED_FOR_IPHONE_IPAD = NO;
				SWIFT_EMIT_LOC_STRINGS = NO;
				SWIFT_VERSION = 5.0;
				TARGETED_DEVICE_FAMILY = 1;
			};
			name = Debug;
		};
		53539AEE2AAA43E100973A35 /* Release */ = {
			isa = XCBuildConfiguration;
			buildSettings = {
				ALWAYS_EMBED_SWIFT_STANDARD_LIBRARIES = YES;
				CODE_SIGN_STYLE = Automatic;
				CURRENT_PROJECT_VERSION = 1;
				DEVELOPMENT_TEAM = 47K5ANA66W;
				GENERATE_INFOPLIST_FILE = YES;
				MACOSX_DEPLOYMENT_TARGET = 13.3;
				MARKETING_VERSION = 1.0;
				PRODUCT_BUNDLE_IDENTIFIER = com.training.UITests;
				PRODUCT_NAME = "$(TARGET_NAME)";
				SDKROOT = macosx;
				SUPPORTED_PLATFORMS = "iphoneos iphonesimulator macosx";
				SUPPORTS_MACCATALYST = NO;
				SUPPORTS_MAC_DESIGNED_FOR_IPHONE_IPAD = NO;
				SWIFT_EMIT_LOC_STRINGS = NO;
				SWIFT_VERSION = 5.0;
				TARGETED_DEVICE_FAMILY = 1;
			};
			name = Release;
		};
		535859922AA52203008AE97C /* Debug */ = {
			isa = XCBuildConfiguration;
			buildSettings = {
				CLANG_ENABLE_MODULES = YES;
				CODE_SIGN_STYLE = Automatic;
				COMBINE_HIDPI_IMAGES = YES;
				CURRENT_PROJECT_VERSION = 1;
				DEFINES_MODULE = YES;
				DEVELOPMENT_TEAM = 47K5ANA66W;
				DYLIB_COMPATIBILITY_VERSION = 1;
				DYLIB_CURRENT_VERSION = 1;
				DYLIB_INSTALL_NAME_BASE = "@rpath";
				ENABLE_MODULE_VERIFIER = YES;
				GENERATE_INFOPLIST_FILE = YES;
				INFOPLIST_KEY_NSHumanReadableCopyright = "";
				INSTALL_PATH = "$(LOCAL_LIBRARY_DIR)/Frameworks";
				LD_RUNPATH_SEARCH_PATHS = (
					"$(inherited)",
					"@executable_path/../Frameworks",
					"@loader_path/Frameworks",
				);
				MACOSX_DEPLOYMENT_TARGET = 13.3;
				MARKETING_VERSION = 1.0;
				MODULE_VERIFIER_SUPPORTED_LANGUAGES = "objective-c objective-c++";
				MODULE_VERIFIER_SUPPORTED_LANGUAGE_STANDARDS = "gnu11 gnu++20";
				PRODUCT_BUNDLE_IDENTIFIER = com.training.Application;
				PRODUCT_NAME = "$(TARGET_NAME:c99extidentifier)";
				SDKROOT = macosx;
				SKIP_INSTALL = YES;
				SUPPORTED_PLATFORMS = "iphoneos iphonesimulator macosx";
				SUPPORTS_MACCATALYST = NO;
				SUPPORTS_MAC_DESIGNED_FOR_IPHONE_IPAD = NO;
				SWIFT_EMIT_LOC_STRINGS = YES;
				SWIFT_OPTIMIZATION_LEVEL = "-Onone";
				SWIFT_VERSION = 5.0;
				TARGETED_DEVICE_FAMILY = 1;
			};
			name = Debug;
		};
		535859932AA52203008AE97C /* Release */ = {
			isa = XCBuildConfiguration;
			buildSettings = {
				CLANG_ENABLE_MODULES = YES;
				CODE_SIGN_STYLE = Automatic;
				COMBINE_HIDPI_IMAGES = YES;
				CURRENT_PROJECT_VERSION = 1;
				DEFINES_MODULE = YES;
				DEVELOPMENT_TEAM = 47K5ANA66W;
				DYLIB_COMPATIBILITY_VERSION = 1;
				DYLIB_CURRENT_VERSION = 1;
				DYLIB_INSTALL_NAME_BASE = "@rpath";
				ENABLE_MODULE_VERIFIER = YES;
				GENERATE_INFOPLIST_FILE = YES;
				INFOPLIST_KEY_NSHumanReadableCopyright = "";
				INSTALL_PATH = "$(LOCAL_LIBRARY_DIR)/Frameworks";
				LD_RUNPATH_SEARCH_PATHS = (
					"$(inherited)",
					"@executable_path/../Frameworks",
					"@loader_path/Frameworks",
				);
				MACOSX_DEPLOYMENT_TARGET = 13.3;
				MARKETING_VERSION = 1.0;
				MODULE_VERIFIER_SUPPORTED_LANGUAGES = "objective-c objective-c++";
				MODULE_VERIFIER_SUPPORTED_LANGUAGE_STANDARDS = "gnu11 gnu++20";
				PRODUCT_BUNDLE_IDENTIFIER = com.training.Application;
				PRODUCT_NAME = "$(TARGET_NAME:c99extidentifier)";
				SDKROOT = macosx;
				SKIP_INSTALL = YES;
				SUPPORTED_PLATFORMS = "iphoneos iphonesimulator macosx";
				SUPPORTS_MACCATALYST = NO;
				SUPPORTS_MAC_DESIGNED_FOR_IPHONE_IPAD = NO;
				SWIFT_EMIT_LOC_STRINGS = YES;
				SWIFT_VERSION = 5.0;
				TARGETED_DEVICE_FAMILY = 1;
			};
			name = Release;
		};
		53A449EE2A990B4B007DF156 /* Debug */ = {
			isa = XCBuildConfiguration;
			buildSettings = {
				ALWAYS_SEARCH_USER_PATHS = NO;
				CLANG_ANALYZER_NONNULL = YES;
				CLANG_ANALYZER_NUMBER_OBJECT_CONVERSION = YES_AGGRESSIVE;
				CLANG_CXX_LANGUAGE_STANDARD = "gnu++20";
				CLANG_ENABLE_MODULES = YES;
				CLANG_ENABLE_OBJC_ARC = YES;
				CLANG_ENABLE_OBJC_WEAK = YES;
				CLANG_WARN_BLOCK_CAPTURE_AUTORELEASING = YES;
				CLANG_WARN_BOOL_CONVERSION = YES;
				CLANG_WARN_COMMA = YES;
				CLANG_WARN_CONSTANT_CONVERSION = YES;
				CLANG_WARN_DEPRECATED_OBJC_IMPLEMENTATIONS = YES;
				CLANG_WARN_DIRECT_OBJC_ISA_USAGE = YES_ERROR;
				CLANG_WARN_DOCUMENTATION_COMMENTS = YES;
				CLANG_WARN_EMPTY_BODY = YES;
				CLANG_WARN_ENUM_CONVERSION = YES;
				CLANG_WARN_INFINITE_RECURSION = YES;
				CLANG_WARN_INT_CONVERSION = YES;
				CLANG_WARN_NON_LITERAL_NULL_CONVERSION = YES;
				CLANG_WARN_OBJC_IMPLICIT_RETAIN_SELF = YES;
				CLANG_WARN_OBJC_LITERAL_CONVERSION = YES;
				CLANG_WARN_OBJC_ROOT_CLASS = YES_ERROR;
				CLANG_WARN_QUOTED_INCLUDE_IN_FRAMEWORK_HEADER = YES;
				CLANG_WARN_RANGE_LOOP_ANALYSIS = YES;
				CLANG_WARN_STRICT_PROTOTYPES = YES;
				CLANG_WARN_SUSPICIOUS_MOVE = YES;
				CLANG_WARN_UNGUARDED_AVAILABILITY = YES_AGGRESSIVE;
				CLANG_WARN_UNREACHABLE_CODE = YES;
				CLANG_WARN__DUPLICATE_METHOD_MATCH = YES;
				COPY_PHASE_STRIP = NO;
				CURRENT_PROJECT_VERSION = 1;
				DEBUG_INFORMATION_FORMAT = dwarf;
				ENABLE_STRICT_OBJC_MSGSEND = YES;
				ENABLE_TESTABILITY = YES;
				GCC_C_LANGUAGE_STANDARD = gnu11;
				GCC_DYNAMIC_NO_PIC = NO;
				GCC_NO_COMMON_BLOCKS = YES;
				GCC_OPTIMIZATION_LEVEL = 0;
				GCC_PREPROCESSOR_DEFINITIONS = (
					"DEBUG=1",
					"$(inherited)",
				);
				GCC_WARN_64_TO_32_BIT_CONVERSION = YES;
				GCC_WARN_ABOUT_RETURN_TYPE = YES_ERROR;
				GCC_WARN_UNDECLARED_SELECTOR = YES;
				GCC_WARN_UNINITIALIZED_AUTOS = YES_AGGRESSIVE;
				GCC_WARN_UNUSED_FUNCTION = YES;
				GCC_WARN_UNUSED_VARIABLE = YES;
				IPHONEOS_DEPLOYMENT_TARGET = 16.4;
				MTL_ENABLE_DEBUG_INFO = INCLUDE_SOURCE;
				MTL_FAST_MATH = YES;
				ONLY_ACTIVE_ARCH = YES;
				SDKROOT = iphoneos;
				SWIFT_ACTIVE_COMPILATION_CONDITIONS = DEBUG;
				SWIFT_OPTIMIZATION_LEVEL = "-Onone";
				VERSIONING_SYSTEM = "apple-generic";
				VERSION_INFO_PREFIX = "";
			};
			name = Debug;
		};
		53A449EF2A990B4B007DF156 /* Release */ = {
			isa = XCBuildConfiguration;
			buildSettings = {
				ALWAYS_SEARCH_USER_PATHS = NO;
				CLANG_ANALYZER_NONNULL = YES;
				CLANG_ANALYZER_NUMBER_OBJECT_CONVERSION = YES_AGGRESSIVE;
				CLANG_CXX_LANGUAGE_STANDARD = "gnu++20";
				CLANG_ENABLE_MODULES = YES;
				CLANG_ENABLE_OBJC_ARC = YES;
				CLANG_ENABLE_OBJC_WEAK = YES;
				CLANG_WARN_BLOCK_CAPTURE_AUTORELEASING = YES;
				CLANG_WARN_BOOL_CONVERSION = YES;
				CLANG_WARN_COMMA = YES;
				CLANG_WARN_CONSTANT_CONVERSION = YES;
				CLANG_WARN_DEPRECATED_OBJC_IMPLEMENTATIONS = YES;
				CLANG_WARN_DIRECT_OBJC_ISA_USAGE = YES_ERROR;
				CLANG_WARN_DOCUMENTATION_COMMENTS = YES;
				CLANG_WARN_EMPTY_BODY = YES;
				CLANG_WARN_ENUM_CONVERSION = YES;
				CLANG_WARN_INFINITE_RECURSION = YES;
				CLANG_WARN_INT_CONVERSION = YES;
				CLANG_WARN_NON_LITERAL_NULL_CONVERSION = YES;
				CLANG_WARN_OBJC_IMPLICIT_RETAIN_SELF = YES;
				CLANG_WARN_OBJC_LITERAL_CONVERSION = YES;
				CLANG_WARN_OBJC_ROOT_CLASS = YES_ERROR;
				CLANG_WARN_QUOTED_INCLUDE_IN_FRAMEWORK_HEADER = YES;
				CLANG_WARN_RANGE_LOOP_ANALYSIS = YES;
				CLANG_WARN_STRICT_PROTOTYPES = YES;
				CLANG_WARN_SUSPICIOUS_MOVE = YES;
				CLANG_WARN_UNGUARDED_AVAILABILITY = YES_AGGRESSIVE;
				CLANG_WARN_UNREACHABLE_CODE = YES;
				CLANG_WARN__DUPLICATE_METHOD_MATCH = YES;
				COPY_PHASE_STRIP = NO;
				CURRENT_PROJECT_VERSION = 1;
				DEBUG_INFORMATION_FORMAT = "dwarf-with-dsym";
				ENABLE_NS_ASSERTIONS = NO;
				ENABLE_STRICT_OBJC_MSGSEND = YES;
				GCC_C_LANGUAGE_STANDARD = gnu11;
				GCC_NO_COMMON_BLOCKS = YES;
				GCC_WARN_64_TO_32_BIT_CONVERSION = YES;
				GCC_WARN_ABOUT_RETURN_TYPE = YES_ERROR;
				GCC_WARN_UNDECLARED_SELECTOR = YES;
				GCC_WARN_UNINITIALIZED_AUTOS = YES_AGGRESSIVE;
				GCC_WARN_UNUSED_FUNCTION = YES;
				GCC_WARN_UNUSED_VARIABLE = YES;
				IPHONEOS_DEPLOYMENT_TARGET = 16.4;
				MTL_ENABLE_DEBUG_INFO = NO;
				MTL_FAST_MATH = YES;
				SDKROOT = iphoneos;
				SWIFT_COMPILATION_MODE = wholemodule;
				SWIFT_OPTIMIZATION_LEVEL = "-O";
				VALIDATE_PRODUCT = YES;
				VERSIONING_SYSTEM = "apple-generic";
				VERSION_INFO_PREFIX = "";
			};
			name = Release;
		};
		53A449FD2A990C8D007DF156 /* Debug */ = {
			isa = XCBuildConfiguration;
			buildSettings = {
				CLANG_ENABLE_MODULES = YES;
				CODE_SIGN_STYLE = Automatic;
				COMBINE_HIDPI_IMAGES = YES;
				CURRENT_PROJECT_VERSION = 1;
				DEFINES_MODULE = YES;
				DEVELOPMENT_TEAM = 47K5ANA66W;
				DYLIB_COMPATIBILITY_VERSION = 1;
				DYLIB_CURRENT_VERSION = 1;
				DYLIB_INSTALL_NAME_BASE = "@rpath";
				ENABLE_MODULE_VERIFIER = YES;
				GENERATE_INFOPLIST_FILE = YES;
				INFOPLIST_KEY_NSHumanReadableCopyright = "";
				INSTALL_PATH = "$(LOCAL_LIBRARY_DIR)/Frameworks";
				LD_RUNPATH_SEARCH_PATHS = (
					"$(inherited)",
					"@executable_path/../Frameworks",
					"@loader_path/Frameworks",
				);
				MACOSX_DEPLOYMENT_TARGET = 13.3;
				MARKETING_VERSION = 1.0;
				MODULE_VERIFIER_SUPPORTED_LANGUAGES = "objective-c objective-c++";
				MODULE_VERIFIER_SUPPORTED_LANGUAGE_STANDARDS = "gnu11 gnu++20";
				PRODUCT_BUNDLE_IDENTIFIER = com.treinamento.Domain;
				PRODUCT_NAME = "$(TARGET_NAME:c99extidentifier)";
				SDKROOT = macosx;
				SKIP_INSTALL = YES;
				SUPPORTED_PLATFORMS = "iphoneos iphonesimulator macosx";
				SUPPORTS_MACCATALYST = NO;
				SUPPORTS_MAC_DESIGNED_FOR_IPHONE_IPAD = NO;
				SWIFT_EMIT_LOC_STRINGS = YES;
				SWIFT_OPTIMIZATION_LEVEL = "-Onone";
				SWIFT_VERSION = 5.0;
				TARGETED_DEVICE_FAMILY = 1;
			};
			name = Debug;
		};
		53A449FE2A990C8D007DF156 /* Release */ = {
			isa = XCBuildConfiguration;
			buildSettings = {
				CLANG_ENABLE_MODULES = YES;
				CODE_SIGN_STYLE = Automatic;
				COMBINE_HIDPI_IMAGES = YES;
				CURRENT_PROJECT_VERSION = 1;
				DEFINES_MODULE = YES;
				DEVELOPMENT_TEAM = 47K5ANA66W;
				DYLIB_COMPATIBILITY_VERSION = 1;
				DYLIB_CURRENT_VERSION = 1;
				DYLIB_INSTALL_NAME_BASE = "@rpath";
				ENABLE_MODULE_VERIFIER = YES;
				GENERATE_INFOPLIST_FILE = YES;
				INFOPLIST_KEY_NSHumanReadableCopyright = "";
				INSTALL_PATH = "$(LOCAL_LIBRARY_DIR)/Frameworks";
				LD_RUNPATH_SEARCH_PATHS = (
					"$(inherited)",
					"@executable_path/../Frameworks",
					"@loader_path/Frameworks",
				);
				MACOSX_DEPLOYMENT_TARGET = 13.3;
				MARKETING_VERSION = 1.0;
				MODULE_VERIFIER_SUPPORTED_LANGUAGES = "objective-c objective-c++";
				MODULE_VERIFIER_SUPPORTED_LANGUAGE_STANDARDS = "gnu11 gnu++20";
				PRODUCT_BUNDLE_IDENTIFIER = com.treinamento.Domain;
				PRODUCT_NAME = "$(TARGET_NAME:c99extidentifier)";
				SDKROOT = macosx;
				SKIP_INSTALL = YES;
				SUPPORTED_PLATFORMS = "iphoneos iphonesimulator macosx";
				SUPPORTS_MACCATALYST = NO;
				SUPPORTS_MAC_DESIGNED_FOR_IPHONE_IPAD = NO;
				SWIFT_EMIT_LOC_STRINGS = YES;
				SWIFT_VERSION = 5.0;
				TARGETED_DEVICE_FAMILY = 1;
			};
			name = Release;
		};
		53CAF4082AA8DC2D00C293D6 /* Debug */ = {
			isa = XCBuildConfiguration;
			buildSettings = {
				CODE_SIGN_STYLE = Automatic;
				CURRENT_PROJECT_VERSION = 1;
				DEVELOPMENT_TEAM = 47K5ANA66W;
				GENERATE_INFOPLIST_FILE = YES;
				MACOSX_DEPLOYMENT_TARGET = 13.3;
				MARKETING_VERSION = 1.0;
				PRODUCT_BUNDLE_IDENTIFIER = com.training.ApplicationTests;
				PRODUCT_NAME = "$(TARGET_NAME)";
				SDKROOT = macosx;
				SUPPORTED_PLATFORMS = "iphoneos iphonesimulator macosx";
				SUPPORTS_MACCATALYST = NO;
				SUPPORTS_MAC_DESIGNED_FOR_IPHONE_IPAD = NO;
				SWIFT_EMIT_LOC_STRINGS = NO;
				SWIFT_VERSION = 5.0;
				TARGETED_DEVICE_FAMILY = 1;
			};
			name = Debug;
		};
		53CAF4092AA8DC2D00C293D6 /* Release */ = {
			isa = XCBuildConfiguration;
			buildSettings = {
				CODE_SIGN_STYLE = Automatic;
				CURRENT_PROJECT_VERSION = 1;
				DEVELOPMENT_TEAM = 47K5ANA66W;
				GENERATE_INFOPLIST_FILE = YES;
				MACOSX_DEPLOYMENT_TARGET = 13.3;
				MARKETING_VERSION = 1.0;
				PRODUCT_BUNDLE_IDENTIFIER = com.training.ApplicationTests;
				PRODUCT_NAME = "$(TARGET_NAME)";
				SDKROOT = macosx;
				SUPPORTED_PLATFORMS = "iphoneos iphonesimulator macosx";
				SUPPORTS_MACCATALYST = NO;
				SUPPORTS_MAC_DESIGNED_FOR_IPHONE_IPAD = NO;
				SWIFT_EMIT_LOC_STRINGS = NO;
				SWIFT_VERSION = 5.0;
				TARGETED_DEVICE_FAMILY = 1;
			};
			name = Release;
		};
		53CAF41D2AA8DCA000C293D6 /* Debug */ = {
			isa = XCBuildConfiguration;
			buildSettings = {
				CODE_SIGN_STYLE = Automatic;
				CURRENT_PROJECT_VERSION = 1;
				DEVELOPMENT_TEAM = 47K5ANA66W;
				GENERATE_INFOPLIST_FILE = YES;
				MACOSX_DEPLOYMENT_TARGET = 13.3;
				MARKETING_VERSION = 1.0;
				PRODUCT_BUNDLE_IDENTIFIER = com.training.InfraTests;
				PRODUCT_NAME = "$(TARGET_NAME)";
				SDKROOT = macosx;
				SUPPORTED_PLATFORMS = "iphoneos iphonesimulator macosx";
				SUPPORTS_MACCATALYST = NO;
				SUPPORTS_MAC_DESIGNED_FOR_IPHONE_IPAD = NO;
				SWIFT_EMIT_LOC_STRINGS = NO;
				SWIFT_VERSION = 5.0;
				TARGETED_DEVICE_FAMILY = 1;
			};
			name = Debug;
		};
		53CAF41E2AA8DCA000C293D6 /* Release */ = {
			isa = XCBuildConfiguration;
			buildSettings = {
				CODE_SIGN_STYLE = Automatic;
				CURRENT_PROJECT_VERSION = 1;
				DEVELOPMENT_TEAM = 47K5ANA66W;
				GENERATE_INFOPLIST_FILE = YES;
				MACOSX_DEPLOYMENT_TARGET = 13.3;
				MARKETING_VERSION = 1.0;
				PRODUCT_BUNDLE_IDENTIFIER = com.training.InfraTests;
				PRODUCT_NAME = "$(TARGET_NAME)";
				SDKROOT = macosx;
				SUPPORTED_PLATFORMS = "iphoneos iphonesimulator macosx";
				SUPPORTS_MACCATALYST = NO;
				SUPPORTS_MAC_DESIGNED_FOR_IPHONE_IPAD = NO;
				SWIFT_EMIT_LOC_STRINGS = NO;
				SWIFT_VERSION = 5.0;
				TARGETED_DEVICE_FAMILY = 1;
			};
			name = Release;
		};
		53CAF4322AA8E97400C293D6 /* Debug */ = {
			isa = XCBuildConfiguration;
			buildSettings = {
				CODE_SIGN_STYLE = Automatic;
				CURRENT_PROJECT_VERSION = 1;
				DEVELOPMENT_TEAM = 47K5ANA66W;
				GENERATE_INFOPLIST_FILE = YES;
				MACOSX_DEPLOYMENT_TARGET = 13.3;
				MARKETING_VERSION = 1.0;
				PRODUCT_BUNDLE_IDENTIFIER = com.training.UseCasesIntegrationTests;
				PRODUCT_NAME = "$(TARGET_NAME)";
				SDKROOT = macosx;
				SUPPORTED_PLATFORMS = "iphoneos iphonesimulator macosx";
				SUPPORTS_MACCATALYST = NO;
				SUPPORTS_MAC_DESIGNED_FOR_IPHONE_IPAD = NO;
				SWIFT_EMIT_LOC_STRINGS = NO;
				SWIFT_VERSION = 5.0;
				TARGETED_DEVICE_FAMILY = 1;
			};
			name = Debug;
		};
		53CAF4332AA8E97400C293D6 /* Release */ = {
			isa = XCBuildConfiguration;
			buildSettings = {
				CODE_SIGN_STYLE = Automatic;
				CURRENT_PROJECT_VERSION = 1;
				DEVELOPMENT_TEAM = 47K5ANA66W;
				GENERATE_INFOPLIST_FILE = YES;
				MACOSX_DEPLOYMENT_TARGET = 13.3;
				MARKETING_VERSION = 1.0;
				PRODUCT_BUNDLE_IDENTIFIER = com.training.UseCasesIntegrationTests;
				PRODUCT_NAME = "$(TARGET_NAME)";
				SDKROOT = macosx;
				SUPPORTED_PLATFORMS = "iphoneos iphonesimulator macosx";
				SUPPORTS_MACCATALYST = NO;
				SUPPORTS_MAC_DESIGNED_FOR_IPHONE_IPAD = NO;
				SWIFT_EMIT_LOC_STRINGS = NO;
				SWIFT_VERSION = 5.0;
				TARGETED_DEVICE_FAMILY = 1;
			};
			name = Release;
		};
/* End XCBuildConfiguration section */

/* Begin XCConfigurationList section */
		531132A72AA7907700F4B101 /* Build configuration list for PBXNativeTarget "Infra" */ = {
			isa = XCConfigurationList;
			buildConfigurations = (
				531132A82AA7907700F4B101 /* Debug */,
				531132A92AA7907700F4B101 /* Release */,
			);
			defaultConfigurationIsVisible = 0;
			defaultConfigurationName = Release;
		};
		53539AE92AAA43E100973A35 /* Build configuration list for PBXNativeTarget "UI" */ = {
			isa = XCConfigurationList;
			buildConfigurations = (
				53539AEA2AAA43E100973A35 /* Debug */,
				53539AEB2AAA43E100973A35 /* Release */,
			);
			defaultConfigurationIsVisible = 0;
			defaultConfigurationName = Release;
		};
		53539AEC2AAA43E100973A35 /* Build configuration list for PBXNativeTarget "UITests" */ = {
			isa = XCConfigurationList;
			buildConfigurations = (
				53539AED2AAA43E100973A35 /* Debug */,
				53539AEE2AAA43E100973A35 /* Release */,
			);
			defaultConfigurationIsVisible = 0;
			defaultConfigurationName = Release;
		};
		535859912AA52203008AE97C /* Build configuration list for PBXNativeTarget "Application" */ = {
			isa = XCConfigurationList;
			buildConfigurations = (
				535859922AA52203008AE97C /* Debug */,
				535859932AA52203008AE97C /* Release */,
			);
			defaultConfigurationIsVisible = 0;
			defaultConfigurationName = Release;
		};
		53A449E32A990B4B007DF156 /* Build configuration list for PBXProject "mango_treinamento" */ = {
			isa = XCConfigurationList;
			buildConfigurations = (
				53A449EE2A990B4B007DF156 /* Debug */,
				53A449EF2A990B4B007DF156 /* Release */,
			);
			defaultConfigurationIsVisible = 0;
			defaultConfigurationName = Release;
		};
		53A449FC2A990C8D007DF156 /* Build configuration list for PBXNativeTarget "Domain" */ = {
			isa = XCConfigurationList;
			buildConfigurations = (
				53A449FD2A990C8D007DF156 /* Debug */,
				53A449FE2A990C8D007DF156 /* Release */,
			);
			defaultConfigurationIsVisible = 0;
			defaultConfigurationName = Release;
		};
		53CAF40A2AA8DC2D00C293D6 /* Build configuration list for PBXNativeTarget "ApplicationTests" */ = {
			isa = XCConfigurationList;
			buildConfigurations = (
				53CAF4082AA8DC2D00C293D6 /* Debug */,
				53CAF4092AA8DC2D00C293D6 /* Release */,
			);
			defaultConfigurationIsVisible = 0;
			defaultConfigurationName = Release;
		};
		53CAF41C2AA8DCA000C293D6 /* Build configuration list for PBXNativeTarget "InfraTests" */ = {
			isa = XCConfigurationList;
			buildConfigurations = (
				53CAF41D2AA8DCA000C293D6 /* Debug */,
				53CAF41E2AA8DCA000C293D6 /* Release */,
			);
			defaultConfigurationIsVisible = 0;
			defaultConfigurationName = Release;
		};
		53CAF4312AA8E97400C293D6 /* Build configuration list for PBXNativeTarget "UseCasesIntegrationTests" */ = {
			isa = XCConfigurationList;
			buildConfigurations = (
				53CAF4322AA8E97400C293D6 /* Debug */,
				53CAF4332AA8E97400C293D6 /* Release */,
			);
			defaultConfigurationIsVisible = 0;
			defaultConfigurationName = Release;
		};
/* End XCConfigurationList section */

/* Begin XCRemoteSwiftPackageReference section */
		531132B82AA7940F00F4B101 /* XCRemoteSwiftPackageReference "Alamofire" */ = {
			isa = XCRemoteSwiftPackageReference;
			repositoryURL = "https://github.com/Alamofire/Alamofire.git";
			requirement = {
				kind = upToNextMajorVersion;
				minimumVersion = 5.0.0;
			};
		};
/* End XCRemoteSwiftPackageReference section */

/* Begin XCSwiftPackageProductDependency section */
		531132B92AA7940F00F4B101 /* Alamofire */ = {
			isa = XCSwiftPackageProductDependency;
			package = 531132B82AA7940F00F4B101 /* XCRemoteSwiftPackageReference "Alamofire" */;
			productName = Alamofire;
		};
		531132BB2AA7942D00F4B101 /* Alamofire */ = {
			isa = XCSwiftPackageProductDependency;
			package = 531132B82AA7940F00F4B101 /* XCRemoteSwiftPackageReference "Alamofire" */;
			productName = Alamofire;
		};
/* End XCSwiftPackageProductDependency section */
	};
	rootObject = 53A449E02A990B4B007DF156 /* Project object */;
}
